// !$*UTF8*$!
{
	archiveVersion = 1;
	classes = {
	};
	objectVersion = 55;
	objects = {

/* Begin PBXBuildFile section */
		8458246C27B4E93400E629A1 /* AppDelegate.swift in Sources */ = {isa = PBXBuildFile; fileRef = 8458246B27B4E93400E629A1 /* AppDelegate.swift */; };
		8458246E27B4E93400E629A1 /* SceneDelegate.swift in Sources */ = {isa = PBXBuildFile; fileRef = 8458246D27B4E93400E629A1 /* SceneDelegate.swift */; };
		8458247027B4E93400E629A1 /* ViewController.swift in Sources */ = {isa = PBXBuildFile; fileRef = 8458246F27B4E93400E629A1 /* ViewController.swift */; };
		8458247327B4E93400E629A1 /* Main.storyboard in Resources */ = {isa = PBXBuildFile; fileRef = 8458247127B4E93400E629A1 /* Main.storyboard */; };
		8458247527B4E93600E629A1 /* Assets.xcassets in Resources */ = {isa = PBXBuildFile; fileRef = 8458247427B4E93600E629A1 /* Assets.xcassets */; };
		8458247827B4E93600E629A1 /* LaunchScreen.storyboard in Resources */ = {isa = PBXBuildFile; fileRef = 8458247627B4E93600E629A1 /* LaunchScreen.storyboard */; };
		8458248327B4E93600E629A1 /* InputOutputTests.swift in Sources */ = {isa = PBXBuildFile; fileRef = 8458248227B4E93600E629A1 /* InputOutputTests.swift */; };
		8458248D27B4E93600E629A1 /* InputOutputUITests.swift in Sources */ = {isa = PBXBuildFile; fileRef = 8458248C27B4E93600E629A1 /* InputOutputUITests.swift */; };
		8458248F27B4E93600E629A1 /* InputOutputUITestsLaunchTests.swift in Sources */ = {isa = PBXBuildFile; fileRef = 8458248E27B4E93600E629A1 /* InputOutputUITestsLaunchTests.swift */; };
		8458249D27B4E96200E629A1 /* RxCocoa in Frameworks */ = {isa = PBXBuildFile; productRef = 8458249C27B4E96200E629A1 /* RxCocoa */; };
		8458249F27B4E96200E629A1 /* RxSwift in Frameworks */ = {isa = PBXBuildFile; productRef = 8458249E27B4E96200E629A1 /* RxSwift */; };
		845824A127B4EB9D00E629A1 /* TransformViewModel.swift in Sources */ = {isa = PBXBuildFile; fileRef = 845824A027B4EB9D00E629A1 /* TransformViewModel.swift */; };
		845824A527B4F22200E629A1 /* ViewModelType.swift in Sources */ = {isa = PBXBuildFile; fileRef = 845824A427B4F22200E629A1 /* ViewModelType.swift */; };
		845824A727B4F2A900E629A1 /* InputOutputViewModel.swift in Sources */ = {isa = PBXBuildFile; fileRef = 845824A627B4F2A900E629A1 /* InputOutputViewModel.swift */; };
/* End PBXBuildFile section */

/* Begin PBXContainerItemProxy section */
		8458247F27B4E93600E629A1 /* PBXContainerItemProxy */ = {
			isa = PBXContainerItemProxy;
			containerPortal = 8458246027B4E93400E629A1 /* Project object */;
			proxyType = 1;
			remoteGlobalIDString = 8458246727B4E93400E629A1;
			remoteInfo = InputOutput;
		};
		8458248927B4E93600E629A1 /* PBXContainerItemProxy */ = {
			isa = PBXContainerItemProxy;
			containerPortal = 8458246027B4E93400E629A1 /* Project object */;
			proxyType = 1;
			remoteGlobalIDString = 8458246727B4E93400E629A1;
			remoteInfo = InputOutput;
		};
/* End PBXContainerItemProxy section */

/* Begin PBXFileReference section */
		8458246827B4E93400E629A1 /* InputOutput.app */ = {isa = PBXFileReference; explicitFileType = wrapper.application; includeInIndex = 0; path = InputOutput.app; sourceTree = BUILT_PRODUCTS_DIR; };
		8458246B27B4E93400E629A1 /* AppDelegate.swift */ = {isa = PBXFileReference; lastKnownFileType = sourcecode.swift; path = AppDelegate.swift; sourceTree = "<group>"; };
		8458246D27B4E93400E629A1 /* SceneDelegate.swift */ = {isa = PBXFileReference; lastKnownFileType = sourcecode.swift; path = SceneDelegate.swift; sourceTree = "<group>"; };
		8458246F27B4E93400E629A1 /* ViewController.swift */ = {isa = PBXFileReference; lastKnownFileType = sourcecode.swift; path = ViewController.swift; sourceTree = "<group>"; };
		8458247227B4E93400E629A1 /* Base */ = {isa = PBXFileReference; lastKnownFileType = file.storyboard; name = Base; path = Base.lproj/Main.storyboard; sourceTree = "<group>"; };
		8458247427B4E93600E629A1 /* Assets.xcassets */ = {isa = PBXFileReference; lastKnownFileType = folder.assetcatalog; path = Assets.xcassets; sourceTree = "<group>"; };
		8458247727B4E93600E629A1 /* Base */ = {isa = PBXFileReference; lastKnownFileType = file.storyboard; name = Base; path = Base.lproj/LaunchScreen.storyboard; sourceTree = "<group>"; };
		8458247927B4E93600E629A1 /* Info.plist */ = {isa = PBXFileReference; lastKnownFileType = text.plist.xml; path = Info.plist; sourceTree = "<group>"; };
		8458247E27B4E93600E629A1 /* InputOutputTests.xctest */ = {isa = PBXFileReference; explicitFileType = wrapper.cfbundle; includeInIndex = 0; path = InputOutputTests.xctest; sourceTree = BUILT_PRODUCTS_DIR; };
		8458248227B4E93600E629A1 /* InputOutputTests.swift */ = {isa = PBXFileReference; lastKnownFileType = sourcecode.swift; path = InputOutputTests.swift; sourceTree = "<group>"; };
		8458248827B4E93600E629A1 /* InputOutputUITests.xctest */ = {isa = PBXFileReference; explicitFileType = wrapper.cfbundle; includeInIndex = 0; path = InputOutputUITests.xctest; sourceTree = BUILT_PRODUCTS_DIR; };
		8458248C27B4E93600E629A1 /* InputOutputUITests.swift */ = {isa = PBXFileReference; lastKnownFileType = sourcecode.swift; path = InputOutputUITests.swift; sourceTree = "<group>"; };
		8458248E27B4E93600E629A1 /* InputOutputUITestsLaunchTests.swift */ = {isa = PBXFileReference; lastKnownFileType = sourcecode.swift; path = InputOutputUITestsLaunchTests.swift; sourceTree = "<group>"; };
		845824A027B4EB9D00E629A1 /* TransformViewModel.swift */ = {isa = PBXFileReference; lastKnownFileType = sourcecode.swift; path = TransformViewModel.swift; sourceTree = "<group>"; };
		845824A427B4F22200E629A1 /* ViewModelType.swift */ = {isa = PBXFileReference; lastKnownFileType = sourcecode.swift; path = ViewModelType.swift; sourceTree = "<group>"; };
		845824A627B4F2A900E629A1 /* InputOutputViewModel.swift */ = {isa = PBXFileReference; lastKnownFileType = sourcecode.swift; path = InputOutputViewModel.swift; sourceTree = "<group>"; };
/* End PBXFileReference section */

/* Begin PBXFrameworksBuildPhase section */
		8458246527B4E93400E629A1 /* Frameworks */ = {
			isa = PBXFrameworksBuildPhase;
			buildActionMask = 2147483647;
			files = (
				8458249F27B4E96200E629A1 /* RxSwift in Frameworks */,
				8458249D27B4E96200E629A1 /* RxCocoa in Frameworks */,
			);
			runOnlyForDeploymentPostprocessing = 0;
		};
		8458247B27B4E93600E629A1 /* Frameworks */ = {
			isa = PBXFrameworksBuildPhase;
			buildActionMask = 2147483647;
			files = (
			);
			runOnlyForDeploymentPostprocessing = 0;
		};
		8458248527B4E93600E629A1 /* Frameworks */ = {
			isa = PBXFrameworksBuildPhase;
			buildActionMask = 2147483647;
			files = (
			);
			runOnlyForDeploymentPostprocessing = 0;
		};
/* End PBXFrameworksBuildPhase section */

/* Begin PBXGroup section */
		8458245F27B4E93400E629A1 = {
			isa = PBXGroup;
			children = (
				8458246A27B4E93400E629A1 /* InputOutput */,
				8458248127B4E93600E629A1 /* InputOutputTests */,
				8458248B27B4E93600E629A1 /* InputOutputUITests */,
				8458246927B4E93400E629A1 /* Products */,
			);
			sourceTree = "<group>";
		};
		8458246927B4E93400E629A1 /* Products */ = {
			isa = PBXGroup;
			children = (
				8458246827B4E93400E629A1 /* InputOutput.app */,
				8458247E27B4E93600E629A1 /* InputOutputTests.xctest */,
				8458248827B4E93600E629A1 /* InputOutputUITests.xctest */,
			);
			name = Products;
			sourceTree = "<group>";
		};
		8458246A27B4E93400E629A1 /* InputOutput */ = {
			isa = PBXGroup;
			children = (
				8458246B27B4E93400E629A1 /* AppDelegate.swift */,
				8458246D27B4E93400E629A1 /* SceneDelegate.swift */,
				8458246F27B4E93400E629A1 /* ViewController.swift */,
				845824A227B4EEB600E629A1 /* ViewModel */,
				845824A327B4EEBE00E629A1 /* Support */,
			);
			path = InputOutput;
			sourceTree = "<group>";
		};
		8458248127B4E93600E629A1 /* InputOutputTests */ = {
			isa = PBXGroup;
			children = (
				8458248227B4E93600E629A1 /* InputOutputTests.swift */,
			);
			path = InputOutputTests;
			sourceTree = "<group>";
		};
		8458248B27B4E93600E629A1 /* InputOutputUITests */ = {
			isa = PBXGroup;
			children = (
				8458248C27B4E93600E629A1 /* InputOutputUITests.swift */,
				8458248E27B4E93600E629A1 /* InputOutputUITestsLaunchTests.swift */,
			);
			path = InputOutputUITests;
			sourceTree = "<group>";
		};
		845824A227B4EEB600E629A1 /* ViewModel */ = {
			isa = PBXGroup;
			children = (
				845824A427B4F22200E629A1 /* ViewModelType.swift */,
				845824A027B4EB9D00E629A1 /* TransformViewModel.swift */,
				845824A627B4F2A900E629A1 /* InputOutputViewModel.swift */,
			);
			path = ViewModel;
			sourceTree = "<group>";
		};
		845824A327B4EEBE00E629A1 /* Support */ = {
			isa = PBXGroup;
			children = (
				8458247127B4E93400E629A1 /* Main.storyboard */,
				8458247427B4E93600E629A1 /* Assets.xcassets */,
				8458247627B4E93600E629A1 /* LaunchScreen.storyboard */,
				8458247927B4E93600E629A1 /* Info.plist */,
			);
			path = Support;
			sourceTree = "<group>";
		};
/* End PBXGroup section */

/* Begin PBXNativeTarget section */
		8458246727B4E93400E629A1 /* InputOutput */ = {
			isa = PBXNativeTarget;
			buildConfigurationList = 8458249227B4E93600E629A1 /* Build configuration list for PBXNativeTarget "InputOutput" */;
			buildPhases = (
				8458246427B4E93400E629A1 /* Sources */,
				8458246527B4E93400E629A1 /* Frameworks */,
				8458246627B4E93400E629A1 /* Resources */,
			);
			buildRules = (
			);
			dependencies = (
			);
			name = InputOutput;
			packageProductDependencies = (
				8458249C27B4E96200E629A1 /* RxCocoa */,
				8458249E27B4E96200E629A1 /* RxSwift */,
			);
			productName = InputOutput;
			productReference = 8458246827B4E93400E629A1 /* InputOutput.app */;
			productType = "com.apple.product-type.application";
		};
		8458247D27B4E93600E629A1 /* InputOutputTests */ = {
			isa = PBXNativeTarget;
			buildConfigurationList = 8458249527B4E93600E629A1 /* Build configuration list for PBXNativeTarget "InputOutputTests" */;
			buildPhases = (
				8458247A27B4E93600E629A1 /* Sources */,
				8458247B27B4E93600E629A1 /* Frameworks */,
				8458247C27B4E93600E629A1 /* Resources */,
			);
			buildRules = (
			);
			dependencies = (
				8458248027B4E93600E629A1 /* PBXTargetDependency */,
			);
			name = InputOutputTests;
			productName = InputOutputTests;
			productReference = 8458247E27B4E93600E629A1 /* InputOutputTests.xctest */;
			productType = "com.apple.product-type.bundle.unit-test";
		};
		8458248727B4E93600E629A1 /* InputOutputUITests */ = {
			isa = PBXNativeTarget;
			buildConfigurationList = 8458249827B4E93600E629A1 /* Build configuration list for PBXNativeTarget "InputOutputUITests" */;
			buildPhases = (
				8458248427B4E93600E629A1 /* Sources */,
				8458248527B4E93600E629A1 /* Frameworks */,
				8458248627B4E93600E629A1 /* Resources */,
			);
			buildRules = (
			);
			dependencies = (
				8458248A27B4E93600E629A1 /* PBXTargetDependency */,
			);
			name = InputOutputUITests;
			productName = InputOutputUITests;
			productReference = 8458248827B4E93600E629A1 /* InputOutputUITests.xctest */;
			productType = "com.apple.product-type.bundle.ui-testing";
		};
/* End PBXNativeTarget section */

/* Begin PBXProject section */
		8458246027B4E93400E629A1 /* Project object */ = {
			isa = PBXProject;
			attributes = {
				BuildIndependentTargetsInParallel = 1;
				LastSwiftUpdateCheck = 1320;
				LastUpgradeCheck = 1320;
				TargetAttributes = {
					8458246727B4E93400E629A1 = {
						CreatedOnToolsVersion = 13.2.1;
					};
					8458247D27B4E93600E629A1 = {
						CreatedOnToolsVersion = 13.2.1;
						TestTargetID = 8458246727B4E93400E629A1;
					};
					8458248727B4E93600E629A1 = {
						CreatedOnToolsVersion = 13.2.1;
						TestTargetID = 8458246727B4E93400E629A1;
					};
				};
			};
			buildConfigurationList = 8458246327B4E93400E629A1 /* Build configuration list for PBXProject "InputOutput" */;
			compatibilityVersion = "Xcode 13.0";
			developmentRegion = en;
			hasScannedForEncodings = 0;
			knownRegions = (
				en,
				Base,
			);
			mainGroup = 8458245F27B4E93400E629A1;
			packageReferences = (
				8458249B27B4E96200E629A1 /* XCRemoteSwiftPackageReference "RxSwift" */,
			);
			productRefGroup = 8458246927B4E93400E629A1 /* Products */;
			projectDirPath = "";
			projectRoot = "";
			targets = (
				8458246727B4E93400E629A1 /* InputOutput */,
				8458247D27B4E93600E629A1 /* InputOutputTests */,
				8458248727B4E93600E629A1 /* InputOutputUITests */,
			);
		};
/* End PBXProject section */

/* Begin PBXResourcesBuildPhase section */
		8458246627B4E93400E629A1 /* Resources */ = {
			isa = PBXResourcesBuildPhase;
			buildActionMask = 2147483647;
			files = (
				8458247827B4E93600E629A1 /* LaunchScreen.storyboard in Resources */,
				8458247527B4E93600E629A1 /* Assets.xcassets in Resources */,
				8458247327B4E93400E629A1 /* Main.storyboard in Resources */,
			);
			runOnlyForDeploymentPostprocessing = 0;
		};
		8458247C27B4E93600E629A1 /* Resources */ = {
			isa = PBXResourcesBuildPhase;
			buildActionMask = 2147483647;
			files = (
			);
			runOnlyForDeploymentPostprocessing = 0;
		};
		8458248627B4E93600E629A1 /* Resources */ = {
			isa = PBXResourcesBuildPhase;
			buildActionMask = 2147483647;
			files = (
			);
			runOnlyForDeploymentPostprocessing = 0;
		};
/* End PBXResourcesBuildPhase section */

/* Begin PBXSourcesBuildPhase section */
		8458246427B4E93400E629A1 /* Sources */ = {
			isa = PBXSourcesBuildPhase;
			buildActionMask = 2147483647;
			files = (
				8458247027B4E93400E629A1 /* ViewController.swift in Sources */,
				8458246C27B4E93400E629A1 /* AppDelegate.swift in Sources */,
				845824A127B4EB9D00E629A1 /* TransformViewModel.swift in Sources */,
				845824A527B4F22200E629A1 /* ViewModelType.swift in Sources */,
				845824A727B4F2A900E629A1 /* InputOutputViewModel.swift in Sources */,
				8458246E27B4E93400E629A1 /* SceneDelegate.swift in Sources */,
			);
			runOnlyForDeploymentPostprocessing = 0;
		};
		8458247A27B4E93600E629A1 /* Sources */ = {
			isa = PBXSourcesBuildPhase;
			buildActionMask = 2147483647;
			files = (
				8458248327B4E93600E629A1 /* InputOutputTests.swift in Sources */,
			);
			runOnlyForDeploymentPostprocessing = 0;
		};
		8458248427B4E93600E629A1 /* Sources */ = {
			isa = PBXSourcesBuildPhase;
			buildActionMask = 2147483647;
			files = (
				8458248F27B4E93600E629A1 /* InputOutputUITestsLaunchTests.swift in Sources */,
				8458248D27B4E93600E629A1 /* InputOutputUITests.swift in Sources */,
			);
			runOnlyForDeploymentPostprocessing = 0;
		};
/* End PBXSourcesBuildPhase section */

/* Begin PBXTargetDependency section */
		8458248027B4E93600E629A1 /* PBXTargetDependency */ = {
			isa = PBXTargetDependency;
			target = 8458246727B4E93400E629A1 /* InputOutput */;
			targetProxy = 8458247F27B4E93600E629A1 /* PBXContainerItemProxy */;
		};
		8458248A27B4E93600E629A1 /* PBXTargetDependency */ = {
			isa = PBXTargetDependency;
			target = 8458246727B4E93400E629A1 /* InputOutput */;
			targetProxy = 8458248927B4E93600E629A1 /* PBXContainerItemProxy */;
		};
/* End PBXTargetDependency section */

/* Begin PBXVariantGroup section */
		8458247127B4E93400E629A1 /* Main.storyboard */ = {
			isa = PBXVariantGroup;
			children = (
				8458247227B4E93400E629A1 /* Base */,
			);
			name = Main.storyboard;
			sourceTree = "<group>";
		};
		8458247627B4E93600E629A1 /* LaunchScreen.storyboard */ = {
			isa = PBXVariantGroup;
			children = (
				8458247727B4E93600E629A1 /* Base */,
			);
			name = LaunchScreen.storyboard;
			sourceTree = "<group>";
		};
/* End PBXVariantGroup section */

/* Begin XCBuildConfiguration section */
		8458249027B4E93600E629A1 /* Debug */ = {
			isa = XCBuildConfiguration;
			buildSettings = {
				ALWAYS_SEARCH_USER_PATHS = NO;
				CLANG_ANALYZER_NONNULL = YES;
				CLANG_ANALYZER_NUMBER_OBJECT_CONVERSION = YES_AGGRESSIVE;
				CLANG_CXX_LANGUAGE_STANDARD = "gnu++17";
				CLANG_CXX_LIBRARY = "libc++";
				CLANG_ENABLE_MODULES = YES;
				CLANG_ENABLE_OBJC_ARC = YES;
				CLANG_ENABLE_OBJC_WEAK = YES;
				CLANG_WARN_BLOCK_CAPTURE_AUTORELEASING = YES;
				CLANG_WARN_BOOL_CONVERSION = YES;
				CLANG_WARN_COMMA = YES;
				CLANG_WARN_CONSTANT_CONVERSION = YES;
				CLANG_WARN_DEPRECATED_OBJC_IMPLEMENTATIONS = YES;
				CLANG_WARN_DIRECT_OBJC_ISA_USAGE = YES_ERROR;
				CLANG_WARN_DOCUMENTATION_COMMENTS = YES;
				CLANG_WARN_EMPTY_BODY = YES;
				CLANG_WARN_ENUM_CONVERSION = YES;
				CLANG_WARN_INFINITE_RECURSION = YES;
				CLANG_WARN_INT_CONVERSION = YES;
				CLANG_WARN_NON_LITERAL_NULL_CONVERSION = YES;
				CLANG_WARN_OBJC_IMPLICIT_RETAIN_SELF = YES;
				CLANG_WARN_OBJC_LITERAL_CONVERSION = YES;
				CLANG_WARN_OBJC_ROOT_CLASS = YES_ERROR;
				CLANG_WARN_QUOTED_INCLUDE_IN_FRAMEWORK_HEADER = YES;
				CLANG_WARN_RANGE_LOOP_ANALYSIS = YES;
				CLANG_WARN_STRICT_PROTOTYPES = YES;
				CLANG_WARN_SUSPICIOUS_MOVE = YES;
				CLANG_WARN_UNGUARDED_AVAILABILITY = YES_AGGRESSIVE;
				CLANG_WARN_UNREACHABLE_CODE = YES;
				CLANG_WARN__DUPLICATE_METHOD_MATCH = YES;
				COPY_PHASE_STRIP = NO;
				DEBUG_INFORMATION_FORMAT = dwarf;
				ENABLE_STRICT_OBJC_MSGSEND = YES;
				ENABLE_TESTABILITY = YES;
				GCC_C_LANGUAGE_STANDARD = gnu11;
				GCC_DYNAMIC_NO_PIC = NO;
				GCC_NO_COMMON_BLOCKS = YES;
				GCC_OPTIMIZATION_LEVEL = 0;
				GCC_PREPROCESSOR_DEFINITIONS = (
					"DEBUG=1",
					"$(inherited)",
				);
				GCC_WARN_64_TO_32_BIT_CONVERSION = YES;
				GCC_WARN_ABOUT_RETURN_TYPE = YES_ERROR;
				GCC_WARN_UNDECLARED_SELECTOR = YES;
				GCC_WARN_UNINITIALIZED_AUTOS = YES_AGGRESSIVE;
				GCC_WARN_UNUSED_FUNCTION = YES;
				GCC_WARN_UNUSED_VARIABLE = YES;
				IPHONEOS_DEPLOYMENT_TARGET = 15.2;
				MTL_ENABLE_DEBUG_INFO = INCLUDE_SOURCE;
				MTL_FAST_MATH = YES;
				ONLY_ACTIVE_ARCH = YES;
				SDKROOT = iphoneos;
				SWIFT_ACTIVE_COMPILATION_CONDITIONS = DEBUG;
				SWIFT_OPTIMIZATION_LEVEL = "-Onone";
			};
			name = Debug;
		};
		8458249127B4E93600E629A1 /* Release */ = {
			isa = XCBuildConfiguration;
			buildSettings = {
				ALWAYS_SEARCH_USER_PATHS = NO;
				CLANG_ANALYZER_NONNULL = YES;
				CLANG_ANALYZER_NUMBER_OBJECT_CONVERSION = YES_AGGRESSIVE;
				CLANG_CXX_LANGUAGE_STANDARD = "gnu++17";
				CLANG_CXX_LIBRARY = "libc++";
				CLANG_ENABLE_MODULES = YES;
				CLANG_ENABLE_OBJC_ARC = YES;
				CLANG_ENABLE_OBJC_WEAK = YES;
				CLANG_WARN_BLOCK_CAPTURE_AUTORELEASING = YES;
				CLANG_WARN_BOOL_CONVERSION = YES;
				CLANG_WARN_COMMA = YES;
				CLANG_WARN_CONSTANT_CONVERSION = YES;
				CLANG_WARN_DEPRECATED_OBJC_IMPLEMENTATIONS = YES;
				CLANG_WARN_DIRECT_OBJC_ISA_USAGE = YES_ERROR;
				CLANG_WARN_DOCUMENTATION_COMMENTS = YES;
				CLANG_WARN_EMPTY_BODY = YES;
				CLANG_WARN_ENUM_CONVERSION = YES;
				CLANG_WARN_INFINITE_RECURSION = YES;
				CLANG_WARN_INT_CONVERSION = YES;
				CLANG_WARN_NON_LITERAL_NULL_CONVERSION = YES;
				CLANG_WARN_OBJC_IMPLICIT_RETAIN_SELF = YES;
				CLANG_WARN_OBJC_LITERAL_CONVERSION = YES;
				CLANG_WARN_OBJC_ROOT_CLASS = YES_ERROR;
				CLANG_WARN_QUOTED_INCLUDE_IN_FRAMEWORK_HEADER = YES;
				CLANG_WARN_RANGE_LOOP_ANALYSIS = YES;
				CLANG_WARN_STRICT_PROTOTYPES = YES;
				CLANG_WARN_SUSPICIOUS_MOVE = YES;
				CLANG_WARN_UNGUARDED_AVAILABILITY = YES_AGGRESSIVE;
				CLANG_WARN_UNREACHABLE_CODE = YES;
				CLANG_WARN__DUPLICATE_METHOD_MATCH = YES;
				COPY_PHASE_STRIP = NO;
				DEBUG_INFORMATION_FORMAT = "dwarf-with-dsym";
				ENABLE_NS_ASSERTIONS = NO;
				ENABLE_STRICT_OBJC_MSGSEND = YES;
				GCC_C_LANGUAGE_STANDARD = gnu11;
				GCC_NO_COMMON_BLOCKS = YES;
				GCC_WARN_64_TO_32_BIT_CONVERSION = YES;
				GCC_WARN_ABOUT_RETURN_TYPE = YES_ERROR;
				GCC_WARN_UNDECLARED_SELECTOR = YES;
				GCC_WARN_UNINITIALIZED_AUTOS = YES_AGGRESSIVE;
				GCC_WARN_UNUSED_FUNCTION = YES;
				GCC_WARN_UNUSED_VARIABLE = YES;
				IPHONEOS_DEPLOYMENT_TARGET = 15.2;
				MTL_ENABLE_DEBUG_INFO = NO;
				MTL_FAST_MATH = YES;
				SDKROOT = iphoneos;
				SWIFT_COMPILATION_MODE = wholemodule;
				SWIFT_OPTIMIZATION_LEVEL = "-O";
				VALIDATE_PRODUCT = YES;
			};
			name = Release;
		};
		8458249327B4E93600E629A1 /* Debug */ = {
			isa = XCBuildConfiguration;
			buildSettings = {
				ASSETCATALOG_COMPILER_APPICON_NAME = AppIcon;
				ASSETCATALOG_COMPILER_GLOBAL_ACCENT_COLOR_NAME = AccentColor;
				CODE_SIGN_STYLE = Automatic;
				CURRENT_PROJECT_VERSION = 1;
				GENERATE_INFOPLIST_FILE = YES;
				INFOPLIST_FILE = InputOutput/Info.plist;
				INFOPLIST_KEY_UIApplicationSupportsIndirectInputEvents = YES;
				INFOPLIST_KEY_UILaunchStoryboardName = LaunchScreen;
				INFOPLIST_KEY_UIMainStoryboardFile = Main;
				INFOPLIST_KEY_UISupportedInterfaceOrientations_iPad = "UIInterfaceOrientationPortrait UIInterfaceOrientationPortraitUpsideDown UIInterfaceOrientationLandscapeLeft UIInterfaceOrientationLandscapeRight";
				INFOPLIST_KEY_UISupportedInterfaceOrientations_iPhone = "UIInterfaceOrientationPortrait UIInterfaceOrientationLandscapeLeft UIInterfaceOrientationLandscapeRight";
				LD_RUNPATH_SEARCH_PATHS = (
					"$(inherited)",
					"@executable_path/Frameworks",
				);
				MARKETING_VERSION = 1.0;
				PRODUCT_BUNDLE_IDENTIFIER = com.InputOutput;
				PRODUCT_NAME = "$(TARGET_NAME)";
				SWIFT_EMIT_LOC_STRINGS = YES;
				SWIFT_VERSION = 5.0;
				TARGETED_DEVICE_FAMILY = "1,2";
			};
			name = Debug;
		};
		8458249427B4E93600E629A1 /* Release */ = {
			isa = XCBuildConfiguration;
			buildSettings = {
				ASSETCATALOG_COMPILER_APPICON_NAME = AppIcon;
				ASSETCATALOG_COMPILER_GLOBAL_ACCENT_COLOR_NAME = AccentColor;
				CODE_SIGN_STYLE = Automatic;
				CURRENT_PROJECT_VERSION = 1;
				GENERATE_INFOPLIST_FILE = YES;
				INFOPLIST_FILE = InputOutput/Info.plist;
				INFOPLIST_KEY_UIApplicationSupportsIndirectInputEvents = YES;
				INFOPLIST_KEY_UILaunchStoryboardName = LaunchScreen;
				INFOPLIST_KEY_UIMainStoryboardFile = Main;
				INFOPLIST_KEY_UISupportedInterfaceOrientations_iPad = "UIInterfaceOrientationPortrait UIInterfaceOrientationPortraitUpsideDown UIInterfaceOrientationLandscapeLeft UIInterfaceOrientationLandscapeRight";
				INFOPLIST_KEY_UISupportedInterfaceOrientations_iPhone = "UIInterfaceOrientationPortrait UIInterfaceOrientationLandscapeLeft UIInterfaceOrientationLandscapeRight";
				LD_RUNPATH_SEARCH_PATHS = (
					"$(inherited)",
					"@executable_path/Frameworks",
				);
				MARKETING_VERSION = 1.0;
				PRODUCT_BUNDLE_IDENTIFIER = com.InputOutput;
				PRODUCT_NAME = "$(TARGET_NAME)";
				SWIFT_EMIT_LOC_STRINGS = YES;
				SWIFT_VERSION = 5.0;
				TARGETED_DEVICE_FAMILY = "1,2";
			};
			name = Release;
		};
		8458249627B4E93600E629A1 /* Debug */ = {
			isa = XCBuildConfiguration;
			buildSettings = {
				ALWAYS_EMBED_SWIFT_STANDARD_LIBRARIES = YES;
				BUNDLE_LOADER = "$(TEST_HOST)";
				CODE_SIGN_STYLE = Automatic;
				CURRENT_PROJECT_VERSION = 1;
				GENERATE_INFOPLIST_FILE = YES;
				IPHONEOS_DEPLOYMENT_TARGET = 15.2;
				MARKETING_VERSION = 1.0;
				PRODUCT_BUNDLE_IDENTIFIER = com.InputOutputTests;
				PRODUCT_NAME = "$(TARGET_NAME)";
				SWIFT_EMIT_LOC_STRINGS = NO;
				SWIFT_VERSION = 5.0;
				TARGETED_DEVICE_FAMILY = "1,2";
				TEST_HOST = "$(BUILT_PRODUCTS_DIR)/InputOutput.app/InputOutput";
			};
			name = Debug;
		};
		8458249727B4E93600E629A1 /* Release */ = {
			isa = XCBuildConfiguration;
			buildSettings = {
				ALWAYS_EMBED_SWIFT_STANDARD_LIBRARIES = YES;
				BUNDLE_LOADER = "$(TEST_HOST)";
				CODE_SIGN_STYLE = Automatic;
				CURRENT_PROJECT_VERSION = 1;
				GENERATE_INFOPLIST_FILE = YES;
				IPHONEOS_DEPLOYMENT_TARGET = 15.2;
				MARKETING_VERSION = 1.0;
				PRODUCT_BUNDLE_IDENTIFIER = com.InputOutputTests;
				PRODUCT_NAME = "$(TARGET_NAME)";
				SWIFT_EMIT_LOC_STRINGS = NO;
				SWIFT_VERSION = 5.0;
				TARGETED_DEVICE_FAMILY = "1,2";
				TEST_HOST = "$(BUILT_PRODUCTS_DIR)/InputOutput.app/InputOutput";
			};
			name = Release;
		};
		8458249927B4E93600E629A1 /* Debug */ = {
			isa = XCBuildConfiguration;
			buildSettings = {
				ALWAYS_EMBED_SWIFT_STANDARD_LIBRARIES = YES;
				CODE_SIGN_STYLE = Automatic;
				CURRENT_PROJECT_VERSION = 1;
				GENERATE_INFOPLIST_FILE = YES;
				MARKETING_VERSION = 1.0;
				PRODUCT_BUNDLE_IDENTIFIER = com.InputOutputUITests;
				PRODUCT_NAME = "$(TARGET_NAME)";
				SWIFT_EMIT_LOC_STRINGS = NO;
				SWIFT_VERSION = 5.0;
				TARGETED_DEVICE_FAMILY = "1,2";
				TEST_TARGET_NAME = InputOutput;
			};
			name = Debug;
		};
		8458249A27B4E93600E629A1 /* Release */ = {
			isa = XCBuildConfiguration;
			buildSettings = {
				ALWAYS_EMBED_SWIFT_STANDARD_LIBRARIES = YES;
				CODE_SIGN_STYLE = Automatic;
				CURRENT_PROJECT_VERSION = 1;
				GENERATE_INFOPLIST_FILE = YES;
				MARKETING_VERSION = 1.0;
				PRODUCT_BUNDLE_IDENTIFIER = com.InputOutputUITests;
				PRODUCT_NAME = "$(TARGET_NAME)";
				SWIFT_EMIT_LOC_STRINGS = NO;
				SWIFT_VERSION = 5.0;
				TARGETED_DEVICE_FAMILY = "1,2";
				TEST_TARGET_NAME = InputOutput;
			};
			name = Release;
		};
/* End XCBuildConfiguration section */

/* Begin XCConfigurationList section */
		8458246327B4E93400E629A1 /* Build configuration list for PBXProject "InputOutput" */ = {
			isa = XCConfigurationList;
			buildConfigurations = (
				8458249027B4E93600E629A1 /* Debug */,
				8458249127B4E93600E629A1 /* Release */,
			);
			defaultConfigurationIsVisible = 0;
			defaultConfigurationName = Release;
		};
		8458249227B4E93600E629A1 /* Build configuration list for PBXNativeTarget "InputOutput" */ = {
			isa = XCConfigurationList;
			buildConfigurations = (
				8458249327B4E93600E629A1 /* Debug */,
				8458249427B4E93600E629A1 /* Release */,
			);
			defaultConfigurationIsVisible = 0;
			defaultConfigurationName = Release;
		};
		8458249527B4E93600E629A1 /* Build configuration list for PBXNativeTarget "InputOutputTests" */ = {
			isa = XCConfigurationList;
			buildConfigurations = (
				8458249627B4E93600E629A1 /* Debug */,
				8458249727B4E93600E629A1 /* Release */,
			);
			defaultConfigurationIsVisible = 0;
			defaultConfigurationName = Release;
		};
		8458249827B4E93600E629A1 /* Build configuration list for PBXNativeTarget "InputOutputUITests" */ = {
			isa = XCConfigurationList;
			buildConfigurations = (
				8458249927B4E93600E629A1 /* Debug */,
				8458249A27B4E93600E629A1 /* Release */,
			);
			defaultConfigurationIsVisible = 0;
			defaultConfigurationName = Release;
		};
/* End XCConfigurationList section */

/* Begin XCRemoteSwiftPackageReference section */
		8458249B27B4E96200E629A1 /* XCRemoteSwiftPackageReference "RxSwift" */ = {
			isa = XCRemoteSwiftPackageReference;
			repositoryURL = "https://github.com/ReactiveX/RxSwift.git";
			requirement = {
				branch = main;
				kind = branch;
			};
		};
/* End XCRemoteSwiftPackageReference section */

/* Begin XCSwiftPackageProductDependency section */
		8458249C27B4E96200E629A1 /* RxCocoa */ = {
			isa = XCSwiftPackageProductDependency;
			package = 8458249B27B4E96200E629A1 /* XCRemoteSwiftPackageReference "RxSwift" */;
			productName = RxCocoa;
		};
		8458249E27B4E96200E629A1 /* RxSwift */ = {
			isa = XCSwiftPackageProductDependency;
			package = 8458249B27B4E96200E629A1 /* XCRemoteSwiftPackageReference "RxSwift" */;
			productName = RxSwift;
		};
/* End XCSwiftPackageProductDependency section */
	};
	rootObject = 8458246027B4E93400E629A1 /* Project object */;
}
