// !$*UTF8*$!
{
	archiveVersion = 1;
	classes = {
	};
	objectVersion = 52;
	objects = {

/* Begin PBXBuildFile section */
		41EBB72026F858F6007CB90B /* AppDelegate.swift in Sources */ = {isa = PBXBuildFile; fileRef = 41EBB71F26F858F6007CB90B /* AppDelegate.swift */; };
		41EBB72226F858F6007CB90B /* SceneDelegate.swift in Sources */ = {isa = PBXBuildFile; fileRef = 41EBB72126F858F6007CB90B /* SceneDelegate.swift */; };
		41EBB72426F858F6007CB90B /* ViewController.swift in Sources */ = {isa = PBXBuildFile; fileRef = 41EBB72326F858F6007CB90B /* ViewController.swift */; };
		41EBB72726F858F6007CB90B /* Main.storyboard in Resources */ = {isa = PBXBuildFile; fileRef = 41EBB72526F858F6007CB90B /* Main.storyboard */; };
		41EBB72926F858F8007CB90B /* Assets.xcassets in Resources */ = {isa = PBXBuildFile; fileRef = 41EBB72826F858F8007CB90B /* Assets.xcassets */; };
		41EBB72C26F858F8007CB90B /* LaunchScreen.storyboard in Resources */ = {isa = PBXBuildFile; fileRef = 41EBB72A26F858F8007CB90B /* LaunchScreen.storyboard */; };
		41EBB73526F85C17007CB90B /* RxSwift in Frameworks */ = {isa = PBXBuildFile; productRef = 41EBB73426F85C17007CB90B /* RxSwift */; };
		41EBB73726F85C17007CB90B /* RxRelay in Frameworks */ = {isa = PBXBuildFile; productRef = 41EBB73626F85C17007CB90B /* RxRelay */; };
		41EBB73926F85C17007CB90B /* RxCocoa in Frameworks */ = {isa = PBXBuildFile; productRef = 41EBB73826F85C17007CB90B /* RxCocoa */; };
		41EBB73B26F85C17007CB90B /* RxBlocking in Frameworks */ = {isa = PBXBuildFile; productRef = 41EBB73A26F85C17007CB90B /* RxBlocking */; };
		41EBB73D26F86798007CB90B /* ViewController2.swift in Sources */ = {isa = PBXBuildFile; fileRef = 41EBB73C26F86798007CB90B /* ViewController2.swift */; };
		844E817827040C09009A3ECC /* ViewController3.swift in Sources */ = {isa = PBXBuildFile; fileRef = 844E817727040C09009A3ECC /* ViewController3.swift */; };
/* End PBXBuildFile section */

/* Begin PBXFileReference section */
		41EBB71C26F858F6007CB90B /* ReactiveXiOS.app */ = {isa = PBXFileReference; explicitFileType = wrapper.application; includeInIndex = 0; path = ReactiveXiOS.app; sourceTree = BUILT_PRODUCTS_DIR; };
		41EBB71F26F858F6007CB90B /* AppDelegate.swift */ = {isa = PBXFileReference; lastKnownFileType = sourcecode.swift; path = AppDelegate.swift; sourceTree = "<group>"; };
		41EBB72126F858F6007CB90B /* SceneDelegate.swift */ = {isa = PBXFileReference; lastKnownFileType = sourcecode.swift; path = SceneDelegate.swift; sourceTree = "<group>"; };
		41EBB72326F858F6007CB90B /* ViewController.swift */ = {isa = PBXFileReference; lastKnownFileType = sourcecode.swift; path = ViewController.swift; sourceTree = "<group>"; };
		41EBB72626F858F6007CB90B /* Base */ = {isa = PBXFileReference; lastKnownFileType = file.storyboard; name = Base; path = Base.lproj/Main.storyboard; sourceTree = "<group>"; };
		41EBB72826F858F8007CB90B /* Assets.xcassets */ = {isa = PBXFileReference; lastKnownFileType = folder.assetcatalog; path = Assets.xcassets; sourceTree = "<group>"; };
		41EBB72B26F858F8007CB90B /* Base */ = {isa = PBXFileReference; lastKnownFileType = file.storyboard; name = Base; path = Base.lproj/LaunchScreen.storyboard; sourceTree = "<group>"; };
		41EBB72D26F858F8007CB90B /* Info.plist */ = {isa = PBXFileReference; lastKnownFileType = text.plist.xml; path = Info.plist; sourceTree = "<group>"; };
		41EBB73C26F86798007CB90B /* ViewController2.swift */ = {isa = PBXFileReference; lastKnownFileType = sourcecode.swift; path = ViewController2.swift; sourceTree = "<group>"; };
		844E817727040C09009A3ECC /* ViewController3.swift */ = {isa = PBXFileReference; lastKnownFileType = sourcecode.swift; path = ViewController3.swift; sourceTree = "<group>"; };
/* End PBXFileReference section */

/* Begin PBXFrameworksBuildPhase section */
		41EBB71926F858F6007CB90B /* Frameworks */ = {
			isa = PBXFrameworksBuildPhase;
			buildActionMask = 2147483647;
			files = (
				41EBB73926F85C17007CB90B /* RxCocoa in Frameworks */,
				41EBB73B26F85C17007CB90B /* RxBlocking in Frameworks */,
				41EBB73726F85C17007CB90B /* RxRelay in Frameworks */,
				41EBB73526F85C17007CB90B /* RxSwift in Frameworks */,
			);
			runOnlyForDeploymentPostprocessing = 0;
		};
/* End PBXFrameworksBuildPhase section */

/* Begin PBXGroup section */
		41EBB71326F858F6007CB90B = {
			isa = PBXGroup;
			children = (
				41EBB71E26F858F6007CB90B /* ReactiveXiOS */,
				41EBB71D26F858F6007CB90B /* Products */,
			);
			sourceTree = "<group>";
		};
		41EBB71D26F858F6007CB90B /* Products */ = {
			isa = PBXGroup;
			children = (
				41EBB71C26F858F6007CB90B /* ReactiveXiOS.app */,
			);
			name = Products;
			sourceTree = "<group>";
		};
		41EBB71E26F858F6007CB90B /* ReactiveXiOS */ = {
			isa = PBXGroup;
			children = (
				41EBB71F26F858F6007CB90B /* AppDelegate.swift */,
				41EBB72126F858F6007CB90B /* SceneDelegate.swift */,
				41EBB72326F858F6007CB90B /* ViewController.swift */,
				41EBB73C26F86798007CB90B /* ViewController2.swift */,
				844E817727040C09009A3ECC /* ViewController3.swift */,
				41EBB72526F858F6007CB90B /* Main.storyboard */,
				41EBB72826F858F8007CB90B /* Assets.xcassets */,
				41EBB72A26F858F8007CB90B /* LaunchScreen.storyboard */,
				41EBB72D26F858F8007CB90B /* Info.plist */,
			);
			path = ReactiveXiOS;
			sourceTree = "<group>";
		};
/* End PBXGroup section */

/* Begin PBXNativeTarget section */
		41EBB71B26F858F6007CB90B /* ReactiveXiOS */ = {
			isa = PBXNativeTarget;
			buildConfigurationList = 41EBB73026F858F8007CB90B /* Build configuration list for PBXNativeTarget "ReactiveXiOS" */;
			buildPhases = (
				41EBB71826F858F6007CB90B /* Sources */,
				41EBB71926F858F6007CB90B /* Frameworks */,
				41EBB71A26F858F6007CB90B /* Resources */,
			);
			buildRules = (
			);
			dependencies = (
			);
			name = ReactiveXiOS;
			packageProductDependencies = (
				41EBB73426F85C17007CB90B /* RxSwift */,
				41EBB73626F85C17007CB90B /* RxRelay */,
				41EBB73826F85C17007CB90B /* RxCocoa */,
				41EBB73A26F85C17007CB90B /* RxBlocking */,
			);
			productName = ReactiveXiOS;
			productReference = 41EBB71C26F858F6007CB90B /* ReactiveXiOS.app */;
			productType = "com.apple.product-type.application";
		};
/* End PBXNativeTarget section */

/* Begin PBXProject section */
		41EBB71426F858F6007CB90B /* Project object */ = {
			isa = PBXProject;
			attributes = {
				LastSwiftUpdateCheck = 1250;
				LastUpgradeCheck = 1250;
				TargetAttributes = {
					41EBB71B26F858F6007CB90B = {
						CreatedOnToolsVersion = 12.5.1;
					};
				};
			};
			buildConfigurationList = 41EBB71726F858F6007CB90B /* Build configuration list for PBXProject "ReactiveXiOS" */;
			compatibilityVersion = "Xcode 9.3";
			developmentRegion = en;
			hasScannedForEncodings = 0;
			knownRegions = (
				en,
				Base,
			);
			mainGroup = 41EBB71326F858F6007CB90B;
			packageReferences = (
				41EBB73326F85C17007CB90B /* XCRemoteSwiftPackageReference "RxSwift" */,
			);
			productRefGroup = 41EBB71D26F858F6007CB90B /* Products */;
			projectDirPath = "";
			projectRoot = "";
			targets = (
				41EBB71B26F858F6007CB90B /* ReactiveXiOS */,
			);
		};
/* End PBXProject section */

/* Begin PBXResourcesBuildPhase section */
		41EBB71A26F858F6007CB90B /* Resources */ = {
			isa = PBXResourcesBuildPhase;
			buildActionMask = 2147483647;
			files = (
				41EBB72C26F858F8007CB90B /* LaunchScreen.storyboard in Resources */,
				41EBB72926F858F8007CB90B /* Assets.xcassets in Resources */,
				41EBB72726F858F6007CB90B /* Main.storyboard in Resources */,
			);
			runOnlyForDeploymentPostprocessing = 0;
		};
/* End PBXResourcesBuildPhase section */

/* Begin PBXSourcesBuildPhase section */
		41EBB71826F858F6007CB90B /* Sources */ = {
			isa = PBXSourcesBuildPhase;
			buildActionMask = 2147483647;
			files = (
				844E817827040C09009A3ECC /* ViewController3.swift in Sources */,
				41EBB72426F858F6007CB90B /* ViewController.swift in Sources */,
				41EBB73D26F86798007CB90B /* ViewController2.swift in Sources */,
				41EBB72026F858F6007CB90B /* AppDelegate.swift in Sources */,
				41EBB72226F858F6007CB90B /* SceneDelegate.swift in Sources */,
			);
			runOnlyForDeploymentPostprocessing = 0;
		};
/* End PBXSourcesBuildPhase section */

/* Begin PBXVariantGroup section */
		41EBB72526F858F6007CB90B /* Main.storyboard */ = {
			isa = PBXVariantGroup;
			children = (
				41EBB72626F858F6007CB90B /* Base */,
			);
			name = Main.storyboard;
			sourceTree = "<group>";
		};
		41EBB72A26F858F8007CB90B /* LaunchScreen.storyboard */ = {
			isa = PBXVariantGroup;
			children = (
				41EBB72B26F858F8007CB90B /* Base */,
			);
			name = LaunchScreen.storyboard;
			sourceTree = "<group>";
		};
/* End PBXVariantGroup section */

/* Begin XCBuildConfiguration section */
		41EBB72E26F858F8007CB90B /* Debug */ = {
			isa = XCBuildConfiguration;
			buildSettings = {
				ALWAYS_SEARCH_USER_PATHS = NO;
				CLANG_ANALYZER_NONNULL = YES;
				CLANG_ANALYZER_NUMBER_OBJECT_CONVERSION = YES_AGGRESSIVE;
				CLANG_CXX_LANGUAGE_STANDARD = "gnu++14";
				CLANG_CXX_LIBRARY = "libc++";
				CLANG_ENABLE_MODULES = YES;
				CLANG_ENABLE_OBJC_ARC = YES;
				CLANG_ENABLE_OBJC_WEAK = YES;
				CLANG_WARN_BLOCK_CAPTURE_AUTORELEASING = YES;
				CLANG_WARN_BOOL_CONVERSION = YES;
				CLANG_WARN_COMMA = YES;
				CLANG_WARN_CONSTANT_CONVERSION = YES;
				CLANG_WARN_DEPRECATED_OBJC_IMPLEMENTATIONS = YES;
				CLANG_WARN_DIRECT_OBJC_ISA_USAGE = YES_ERROR;
				CLANG_WARN_DOCUMENTATION_COMMENTS = YES;
				CLANG_WARN_EMPTY_BODY = YES;
				CLANG_WARN_ENUM_CONVERSION = YES;
				CLANG_WARN_INFINITE_RECURSION = YES;
				CLANG_WARN_INT_CONVERSION = YES;
				CLANG_WARN_NON_LITERAL_NULL_CONVERSION = YES;
				CLANG_WARN_OBJC_IMPLICIT_RETAIN_SELF = YES;
				CLANG_WARN_OBJC_LITERAL_CONVERSION = YES;
				CLANG_WARN_OBJC_ROOT_CLASS = YES_ERROR;
				CLANG_WARN_QUOTED_INCLUDE_IN_FRAMEWORK_HEADER = YES;
				CLANG_WARN_RANGE_LOOP_ANALYSIS = YES;
				CLANG_WARN_STRICT_PROTOTYPES = YES;
				CLANG_WARN_SUSPICIOUS_MOVE = YES;
				CLANG_WARN_UNGUARDED_AVAILABILITY = YES_AGGRESSIVE;
				CLANG_WARN_UNREACHABLE_CODE = YES;
				CLANG_WARN__DUPLICATE_METHOD_MATCH = YES;
				COPY_PHASE_STRIP = NO;
				DEBUG_INFORMATION_FORMAT = dwarf;
				ENABLE_STRICT_OBJC_MSGSEND = YES;
				ENABLE_TESTABILITY = YES;
				GCC_C_LANGUAGE_STANDARD = gnu11;
				GCC_DYNAMIC_NO_PIC = NO;
				GCC_NO_COMMON_BLOCKS = YES;
				GCC_OPTIMIZATION_LEVEL = 0;
				GCC_PREPROCESSOR_DEFINITIONS = (
					"DEBUG=1",
					"$(inherited)",
				);
				GCC_WARN_64_TO_32_BIT_CONVERSION = YES;
				GCC_WARN_ABOUT_RETURN_TYPE = YES_ERROR;
				GCC_WARN_UNDECLARED_SELECTOR = YES;
				GCC_WARN_UNINITIALIZED_AUTOS = YES_AGGRESSIVE;
				GCC_WARN_UNUSED_FUNCTION = YES;
				GCC_WARN_UNUSED_VARIABLE = YES;
				IPHONEOS_DEPLOYMENT_TARGET = 14.5;
				MTL_ENABLE_DEBUG_INFO = INCLUDE_SOURCE;
				MTL_FAST_MATH = YES;
				ONLY_ACTIVE_ARCH = YES;
				SDKROOT = iphoneos;
				SWIFT_ACTIVE_COMPILATION_CONDITIONS = DEBUG;
				SWIFT_OPTIMIZATION_LEVEL = "-Onone";
			};
			name = Debug;
		};
		41EBB72F26F858F8007CB90B /* Release */ = {
			isa = XCBuildConfiguration;
			buildSettings = {
				ALWAYS_SEARCH_USER_PATHS = NO;
				CLANG_ANALYZER_NONNULL = YES;
				CLANG_ANALYZER_NUMBER_OBJECT_CONVERSION = YES_AGGRESSIVE;
				CLANG_CXX_LANGUAGE_STANDARD = "gnu++14";
				CLANG_CXX_LIBRARY = "libc++";
				CLANG_ENABLE_MODULES = YES;
				CLANG_ENABLE_OBJC_ARC = YES;
				CLANG_ENABLE_OBJC_WEAK = YES;
				CLANG_WARN_BLOCK_CAPTURE_AUTORELEASING = YES;
				CLANG_WARN_BOOL_CONVERSION = YES;
				CLANG_WARN_COMMA = YES;
				CLANG_WARN_CONSTANT_CONVERSION = YES;
				CLANG_WARN_DEPRECATED_OBJC_IMPLEMENTATIONS = YES;
				CLANG_WARN_DIRECT_OBJC_ISA_USAGE = YES_ERROR;
				CLANG_WARN_DOCUMENTATION_COMMENTS = YES;
				CLANG_WARN_EMPTY_BODY = YES;
				CLANG_WARN_ENUM_CONVERSION = YES;
				CLANG_WARN_INFINITE_RECURSION = YES;
				CLANG_WARN_INT_CONVERSION = YES;
				CLANG_WARN_NON_LITERAL_NULL_CONVERSION = YES;
				CLANG_WARN_OBJC_IMPLICIT_RETAIN_SELF = YES;
				CLANG_WARN_OBJC_LITERAL_CONVERSION = YES;
				CLANG_WARN_OBJC_ROOT_CLASS = YES_ERROR;
				CLANG_WARN_QUOTED_INCLUDE_IN_FRAMEWORK_HEADER = YES;
				CLANG_WARN_RANGE_LOOP_ANALYSIS = YES;
				CLANG_WARN_STRICT_PROTOTYPES = YES;
				CLANG_WARN_SUSPICIOUS_MOVE = YES;
				CLANG_WARN_UNGUARDED_AVAILABILITY = YES_AGGRESSIVE;
				CLANG_WARN_UNREACHABLE_CODE = YES;
				CLANG_WARN__DUPLICATE_METHOD_MATCH = YES;
				COPY_PHASE_STRIP = NO;
				DEBUG_INFORMATION_FORMAT = "dwarf-with-dsym";
				ENABLE_NS_ASSERTIONS = NO;
				ENABLE_STRICT_OBJC_MSGSEND = YES;
				GCC_C_LANGUAGE_STANDARD = gnu11;
				GCC_NO_COMMON_BLOCKS = YES;
				GCC_WARN_64_TO_32_BIT_CONVERSION = YES;
				GCC_WARN_ABOUT_RETURN_TYPE = YES_ERROR;
				GCC_WARN_UNDECLARED_SELECTOR = YES;
				GCC_WARN_UNINITIALIZED_AUTOS = YES_AGGRESSIVE;
				GCC_WARN_UNUSED_FUNCTION = YES;
				GCC_WARN_UNUSED_VARIABLE = YES;
				IPHONEOS_DEPLOYMENT_TARGET = 14.5;
				MTL_ENABLE_DEBUG_INFO = NO;
				MTL_FAST_MATH = YES;
				SDKROOT = iphoneos;
				SWIFT_COMPILATION_MODE = wholemodule;
				SWIFT_OPTIMIZATION_LEVEL = "-O";
				VALIDATE_PRODUCT = YES;
			};
			name = Release;
		};
		41EBB73126F858F8007CB90B /* Debug */ = {
			isa = XCBuildConfiguration;
			buildSettings = {
				ASSETCATALOG_COMPILER_APPICON_NAME = AppIcon;
				ASSETCATALOG_COMPILER_GLOBAL_ACCENT_COLOR_NAME = AccentColor;
				CODE_SIGN_STYLE = Automatic;
				INFOPLIST_FILE = ReactiveXiOS/Info.plist;
				LD_RUNPATH_SEARCH_PATHS = (
					"$(inherited)",
					"@executable_path/Frameworks",
				);
				PRODUCT_BUNDLE_IDENTIFIER = zdodev.ReactiveXiOS;
				PRODUCT_NAME = "$(TARGET_NAME)";
				SWIFT_VERSION = 5.0;
				TARGETED_DEVICE_FAMILY = "1,2";
			};
			name = Debug;
		};
		41EBB73226F858F8007CB90B /* Release */ = {
			isa = XCBuildConfiguration;
			buildSettings = {
				ASSETCATALOG_COMPILER_APPICON_NAME = AppIcon;
				ASSETCATALOG_COMPILER_GLOBAL_ACCENT_COLOR_NAME = AccentColor;
				CODE_SIGN_STYLE = Automatic;
				INFOPLIST_FILE = ReactiveXiOS/Info.plist;
				LD_RUNPATH_SEARCH_PATHS = (
					"$(inherited)",
					"@executable_path/Frameworks",
				);
				PRODUCT_BUNDLE_IDENTIFIER = zdodev.ReactiveXiOS;
				PRODUCT_NAME = "$(TARGET_NAME)";
				SWIFT_VERSION = 5.0;
				TARGETED_DEVICE_FAMILY = "1,2";
			};
			name = Release;
		};
/* End XCBuildConfiguration section */

/* Begin XCConfigurationList section */
		41EBB71726F858F6007CB90B /* Build configuration list for PBXProject "ReactiveXiOS" */ = {
			isa = XCConfigurationList;
			buildConfigurations = (
				41EBB72E26F858F8007CB90B /* Debug */,
				41EBB72F26F858F8007CB90B /* Release */,
			);
			defaultConfigurationIsVisible = 0;
			defaultConfigurationName = Release;
		};
		41EBB73026F858F8007CB90B /* Build configuration list for PBXNativeTarget "ReactiveXiOS" */ = {
			isa = XCConfigurationList;
			buildConfigurations = (
				41EBB73126F858F8007CB90B /* Debug */,
				41EBB73226F858F8007CB90B /* Release */,
			);
			defaultConfigurationIsVisible = 0;
			defaultConfigurationName = Release;
		};
/* End XCConfigurationList section */

/* Begin XCRemoteSwiftPackageReference section */
		41EBB73326F85C17007CB90B /* XCRemoteSwiftPackageReference "RxSwift" */ = {
			isa = XCRemoteSwiftPackageReference;
			repositoryURL = "https://github.com/ReactiveX/RxSwift.git";
			requirement = {
				kind = upToNextMajorVersion;
				minimumVersion = 6.2.0;
			};
		};
/* End XCRemoteSwiftPackageReference section */

/* Begin XCSwiftPackageProductDependency section */
		41EBB73426F85C17007CB90B /* RxSwift */ = {
			isa = XCSwiftPackageProductDependency;
			package = 41EBB73326F85C17007CB90B /* XCRemoteSwiftPackageReference "RxSwift" */;
			productName = RxSwift;
		};
		41EBB73626F85C17007CB90B /* RxRelay */ = {
			isa = XCSwiftPackageProductDependency;
			package = 41EBB73326F85C17007CB90B /* XCRemoteSwiftPackageReference "RxSwift" */;
			productName = RxRelay;
		};
		41EBB73826F85C17007CB90B /* RxCocoa */ = {
			isa = XCSwiftPackageProductDependency;
			package = 41EBB73326F85C17007CB90B /* XCRemoteSwiftPackageReference "RxSwift" */;
			productName = RxCocoa;
		};
		41EBB73A26F85C17007CB90B /* RxBlocking */ = {
			isa = XCSwiftPackageProductDependency;
			package = 41EBB73326F85C17007CB90B /* XCRemoteSwiftPackageReference "RxSwift" */;
			productName = RxBlocking;
		};
/* End XCSwiftPackageProductDependency section */
	};
	rootObject = 41EBB71426F858F6007CB90B /* Project object */;
}
