// !$*UTF8*$!
{
	archiveVersion = 1;
	classes = {
	};
	objectVersion = 50;
	objects = {

/* Begin PBXBuildFile section */
		41CCAC9D2639B0AA001D2804 /* StreamSession.swift in Sources */ = {isa = PBXBuildFile; fileRef = 41CCAC9C2639B0AA001D2804 /* StreamSession.swift */; };
		41F5B31B26344E84006DB4C3 /* AppDelegate.swift in Sources */ = {isa = PBXBuildFile; fileRef = 41F5B31A26344E84006DB4C3 /* AppDelegate.swift */; };
		41F5B31D26344E84006DB4C3 /* SceneDelegate.swift in Sources */ = {isa = PBXBuildFile; fileRef = 41F5B31C26344E84006DB4C3 /* SceneDelegate.swift */; };
		41F5B31F26344E84006DB4C3 /* ViewController.swift in Sources */ = {isa = PBXBuildFile; fileRef = 41F5B31E26344E84006DB4C3 /* ViewController.swift */; };
		41F5B32226344E84006DB4C3 /* Main.storyboard in Resources */ = {isa = PBXBuildFile; fileRef = 41F5B32026344E84006DB4C3 /* Main.storyboard */; };
		41F5B32426344E85006DB4C3 /* Assets.xcassets in Resources */ = {isa = PBXBuildFile; fileRef = 41F5B32326344E85006DB4C3 /* Assets.xcassets */; };
		41F5B32726344E85006DB4C3 /* LaunchScreen.storyboard in Resources */ = {isa = PBXBuildFile; fileRef = 41F5B32526344E85006DB4C3 /* LaunchScreen.storyboard */; };
		41F5B33426345291006DB4C3 /* ChatNetwork.swift in Sources */ = {isa = PBXBuildFile; fileRef = 41F5B33326345291006DB4C3 /* ChatNetwork.swift */; };
/* End PBXBuildFile section */

/* Begin PBXFileReference section */
		41CCAC9C2639B0AA001D2804 /* StreamSession.swift */ = {isa = PBXFileReference; lastKnownFileType = sourcecode.swift; path = StreamSession.swift; sourceTree = "<group>"; };
		41F5B31726344E84006DB4C3 /* SocketNetworking.app */ = {isa = PBXFileReference; explicitFileType = wrapper.application; includeInIndex = 0; path = SocketNetworking.app; sourceTree = BUILT_PRODUCTS_DIR; };
		41F5B31A26344E84006DB4C3 /* AppDelegate.swift */ = {isa = PBXFileReference; lastKnownFileType = sourcecode.swift; path = AppDelegate.swift; sourceTree = "<group>"; };
		41F5B31C26344E84006DB4C3 /* SceneDelegate.swift */ = {isa = PBXFileReference; lastKnownFileType = sourcecode.swift; path = SceneDelegate.swift; sourceTree = "<group>"; };
		41F5B31E26344E84006DB4C3 /* ViewController.swift */ = {isa = PBXFileReference; lastKnownFileType = sourcecode.swift; path = ViewController.swift; sourceTree = "<group>"; };
		41F5B32126344E84006DB4C3 /* Base */ = {isa = PBXFileReference; lastKnownFileType = file.storyboard; name = Base; path = Base.lproj/Main.storyboard; sourceTree = "<group>"; };
		41F5B32326344E85006DB4C3 /* Assets.xcassets */ = {isa = PBXFileReference; lastKnownFileType = folder.assetcatalog; path = Assets.xcassets; sourceTree = "<group>"; };
		41F5B32626344E85006DB4C3 /* Base */ = {isa = PBXFileReference; lastKnownFileType = file.storyboard; name = Base; path = Base.lproj/LaunchScreen.storyboard; sourceTree = "<group>"; };
		41F5B32826344E85006DB4C3 /* Info.plist */ = {isa = PBXFileReference; lastKnownFileType = text.plist.xml; path = Info.plist; sourceTree = "<group>"; };
		41F5B33326345291006DB4C3 /* ChatNetwork.swift */ = {isa = PBXFileReference; lastKnownFileType = sourcecode.swift; path = ChatNetwork.swift; sourceTree = "<group>"; };
/* End PBXFileReference section */

/* Begin PBXFrameworksBuildPhase section */
		41F5B31426344E84006DB4C3 /* Frameworks */ = {
			isa = PBXFrameworksBuildPhase;
			buildActionMask = 2147483647;
			files = (
			);
			runOnlyForDeploymentPostprocessing = 0;
		};
/* End PBXFrameworksBuildPhase section */

/* Begin PBXGroup section */
		41CCAC9B2639B031001D2804 /* Support */ = {
			isa = PBXGroup;
			children = (
				41F5B31A26344E84006DB4C3 /* AppDelegate.swift */,
				41F5B31C26344E84006DB4C3 /* SceneDelegate.swift */,
			);
			path = Support;
			sourceTree = "<group>";
		};
		41F5B30E26344E84006DB4C3 = {
			isa = PBXGroup;
			children = (
				41F5B31926344E84006DB4C3 /* SocketNetworking */,
				41F5B31826344E84006DB4C3 /* Products */,
			);
			sourceTree = "<group>";
		};
		41F5B31826344E84006DB4C3 /* Products */ = {
			isa = PBXGroup;
			children = (
				41F5B31726344E84006DB4C3 /* SocketNetworking.app */,
			);
			name = Products;
			sourceTree = "<group>";
		};
		41F5B31926344E84006DB4C3 /* SocketNetworking */ = {
			isa = PBXGroup;
			children = (
				41CCAC9B2639B031001D2804 /* Support */,
				41F5B31E26344E84006DB4C3 /* ViewController.swift */,
				41F5B33326345291006DB4C3 /* ChatNetwork.swift */,
				41CCAC9C2639B0AA001D2804 /* StreamSession.swift */,
				41F5B32026344E84006DB4C3 /* Main.storyboard */,
				41F5B32326344E85006DB4C3 /* Assets.xcassets */,
				41F5B32526344E85006DB4C3 /* LaunchScreen.storyboard */,
				41F5B32826344E85006DB4C3 /* Info.plist */,
			);
			path = SocketNetworking;
			sourceTree = "<group>";
		};
/* End PBXGroup section */

/* Begin PBXNativeTarget section */
		41F5B31626344E84006DB4C3 /* SocketNetworking */ = {
			isa = PBXNativeTarget;
			buildConfigurationList = 41F5B32B26344E85006DB4C3 /* Build configuration list for PBXNativeTarget "SocketNetworking" */;
			buildPhases = (
				41F5B31326344E84006DB4C3 /* Sources */,
				41F5B31426344E84006DB4C3 /* Frameworks */,
				41F5B31526344E84006DB4C3 /* Resources */,
			);
			buildRules = (
			);
			dependencies = (
			);
			name = SocketNetworking;
			productName = SocketNetworking;
			productReference = 41F5B31726344E84006DB4C3 /* SocketNetworking.app */;
			productType = "com.apple.product-type.application";
		};
/* End PBXNativeTarget section */

/* Begin PBXProject section */
		41F5B30F26344E84006DB4C3 /* Project object */ = {
			isa = PBXProject;
			attributes = {
				LastSwiftUpdateCheck = 1240;
				LastUpgradeCheck = 1240;
				TargetAttributes = {
					41F5B31626344E84006DB4C3 = {
						CreatedOnToolsVersion = 12.4;
					};
				};
			};
			buildConfigurationList = 41F5B31226344E84006DB4C3 /* Build configuration list for PBXProject "SocketNetworking" */;
			compatibilityVersion = "Xcode 9.3";
			developmentRegion = en;
			hasScannedForEncodings = 0;
			knownRegions = (
				en,
				Base,
			);
			mainGroup = 41F5B30E26344E84006DB4C3;
			productRefGroup = 41F5B31826344E84006DB4C3 /* Products */;
			projectDirPath = "";
			projectRoot = "";
			targets = (
				41F5B31626344E84006DB4C3 /* SocketNetworking */,
			);
		};
/* End PBXProject section */

/* Begin PBXResourcesBuildPhase section */
		41F5B31526344E84006DB4C3 /* Resources */ = {
			isa = PBXResourcesBuildPhase;
			buildActionMask = 2147483647;
			files = (
				41F5B32726344E85006DB4C3 /* LaunchScreen.storyboard in Resources */,
				41F5B32426344E85006DB4C3 /* Assets.xcassets in Resources */,
				41F5B32226344E84006DB4C3 /* Main.storyboard in Resources */,
			);
			runOnlyForDeploymentPostprocessing = 0;
		};
/* End PBXResourcesBuildPhase section */

/* Begin PBXSourcesBuildPhase section */
		41F5B31326344E84006DB4C3 /* Sources */ = {
			isa = PBXSourcesBuildPhase;
			buildActionMask = 2147483647;
			files = (
				41F5B31F26344E84006DB4C3 /* ViewController.swift in Sources */,
				41CCAC9D2639B0AA001D2804 /* StreamSession.swift in Sources */,
				41F5B31B26344E84006DB4C3 /* AppDelegate.swift in Sources */,
				41F5B33426345291006DB4C3 /* ChatNetwork.swift in Sources */,
				41F5B31D26344E84006DB4C3 /* SceneDelegate.swift in Sources */,
			);
			runOnlyForDeploymentPostprocessing = 0;
		};
/* End PBXSourcesBuildPhase section */

/* Begin PBXVariantGroup section */
		41F5B32026344E84006DB4C3 /* Main.storyboard */ = {
			isa = PBXVariantGroup;
			children = (
				41F5B32126344E84006DB4C3 /* Base */,
			);
			name = Main.storyboard;
			sourceTree = "<group>";
		};
		41F5B32526344E85006DB4C3 /* LaunchScreen.storyboard */ = {
			isa = PBXVariantGroup;
			children = (
				41F5B32626344E85006DB4C3 /* Base */,
			);
			name = LaunchScreen.storyboard;
			sourceTree = "<group>";
		};
/* End PBXVariantGroup section */

/* Begin XCBuildConfiguration section */
		41F5B32926344E85006DB4C3 /* Debug */ = {
			isa = XCBuildConfiguration;
			buildSettings = {
				ALWAYS_SEARCH_USER_PATHS = NO;
				CLANG_ANALYZER_NONNULL = YES;
				CLANG_ANALYZER_NUMBER_OBJECT_CONVERSION = YES_AGGRESSIVE;
				CLANG_CXX_LANGUAGE_STANDARD = "gnu++14";
				CLANG_CXX_LIBRARY = "libc++";
				CLANG_ENABLE_MODULES = YES;
				CLANG_ENABLE_OBJC_ARC = YES;
				CLANG_ENABLE_OBJC_WEAK = YES;
				CLANG_WARN_BLOCK_CAPTURE_AUTORELEASING = YES;
				CLANG_WARN_BOOL_CONVERSION = YES;
				CLANG_WARN_COMMA = YES;
				CLANG_WARN_CONSTANT_CONVERSION = YES;
				CLANG_WARN_DEPRECATED_OBJC_IMPLEMENTATIONS = YES;
				CLANG_WARN_DIRECT_OBJC_ISA_USAGE = YES_ERROR;
				CLANG_WARN_DOCUMENTATION_COMMENTS = YES;
				CLANG_WARN_EMPTY_BODY = YES;
				CLANG_WARN_ENUM_CONVERSION = YES;
				CLANG_WARN_INFINITE_RECURSION = YES;
				CLANG_WARN_INT_CONVERSION = YES;
				CLANG_WARN_NON_LITERAL_NULL_CONVERSION = YES;
				CLANG_WARN_OBJC_IMPLICIT_RETAIN_SELF = YES;
				CLANG_WARN_OBJC_LITERAL_CONVERSION = YES;
				CLANG_WARN_OBJC_ROOT_CLASS = YES_ERROR;
				CLANG_WARN_QUOTED_INCLUDE_IN_FRAMEWORK_HEADER = YES;
				CLANG_WARN_RANGE_LOOP_ANALYSIS = YES;
				CLANG_WARN_STRICT_PROTOTYPES = YES;
				CLANG_WARN_SUSPICIOUS_MOVE = YES;
				CLANG_WARN_UNGUARDED_AVAILABILITY = YES_AGGRESSIVE;
				CLANG_WARN_UNREACHABLE_CODE = YES;
				CLANG_WARN__DUPLICATE_METHOD_MATCH = YES;
				COPY_PHASE_STRIP = NO;
				DEBUG_INFORMATION_FORMAT = dwarf;
				ENABLE_STRICT_OBJC_MSGSEND = YES;
				ENABLE_TESTABILITY = YES;
				GCC_C_LANGUAGE_STANDARD = gnu11;
				GCC_DYNAMIC_NO_PIC = NO;
				GCC_NO_COMMON_BLOCKS = YES;
				GCC_OPTIMIZATION_LEVEL = 0;
				GCC_PREPROCESSOR_DEFINITIONS = (
					"DEBUG=1",
					"$(inherited)",
				);
				GCC_WARN_64_TO_32_BIT_CONVERSION = YES;
				GCC_WARN_ABOUT_RETURN_TYPE = YES_ERROR;
				GCC_WARN_UNDECLARED_SELECTOR = YES;
				GCC_WARN_UNINITIALIZED_AUTOS = YES_AGGRESSIVE;
				GCC_WARN_UNUSED_FUNCTION = YES;
				GCC_WARN_UNUSED_VARIABLE = YES;
				IPHONEOS_DEPLOYMENT_TARGET = 14.4;
				MTL_ENABLE_DEBUG_INFO = INCLUDE_SOURCE;
				MTL_FAST_MATH = YES;
				ONLY_ACTIVE_ARCH = YES;
				SDKROOT = iphoneos;
				SWIFT_ACTIVE_COMPILATION_CONDITIONS = DEBUG;
				SWIFT_OPTIMIZATION_LEVEL = "-Onone";
			};
			name = Debug;
		};
		41F5B32A26344E85006DB4C3 /* Release */ = {
			isa = XCBuildConfiguration;
			buildSettings = {
				ALWAYS_SEARCH_USER_PATHS = NO;
				CLANG_ANALYZER_NONNULL = YES;
				CLANG_ANALYZER_NUMBER_OBJECT_CONVERSION = YES_AGGRESSIVE;
				CLANG_CXX_LANGUAGE_STANDARD = "gnu++14";
				CLANG_CXX_LIBRARY = "libc++";
				CLANG_ENABLE_MODULES = YES;
				CLANG_ENABLE_OBJC_ARC = YES;
				CLANG_ENABLE_OBJC_WEAK = YES;
				CLANG_WARN_BLOCK_CAPTURE_AUTORELEASING = YES;
				CLANG_WARN_BOOL_CONVERSION = YES;
				CLANG_WARN_COMMA = YES;
				CLANG_WARN_CONSTANT_CONVERSION = YES;
				CLANG_WARN_DEPRECATED_OBJC_IMPLEMENTATIONS = YES;
				CLANG_WARN_DIRECT_OBJC_ISA_USAGE = YES_ERROR;
				CLANG_WARN_DOCUMENTATION_COMMENTS = YES;
				CLANG_WARN_EMPTY_BODY = YES;
				CLANG_WARN_ENUM_CONVERSION = YES;
				CLANG_WARN_INFINITE_RECURSION = YES;
				CLANG_WARN_INT_CONVERSION = YES;
				CLANG_WARN_NON_LITERAL_NULL_CONVERSION = YES;
				CLANG_WARN_OBJC_IMPLICIT_RETAIN_SELF = YES;
				CLANG_WARN_OBJC_LITERAL_CONVERSION = YES;
				CLANG_WARN_OBJC_ROOT_CLASS = YES_ERROR;
				CLANG_WARN_QUOTED_INCLUDE_IN_FRAMEWORK_HEADER = YES;
				CLANG_WARN_RANGE_LOOP_ANALYSIS = YES;
				CLANG_WARN_STRICT_PROTOTYPES = YES;
				CLANG_WARN_SUSPICIOUS_MOVE = YES;
				CLANG_WARN_UNGUARDED_AVAILABILITY = YES_AGGRESSIVE;
				CLANG_WARN_UNREACHABLE_CODE = YES;
				CLANG_WARN__DUPLICATE_METHOD_MATCH = YES;
				COPY_PHASE_STRIP = NO;
				DEBUG_INFORMATION_FORMAT = "dwarf-with-dsym";
				ENABLE_NS_ASSERTIONS = NO;
				ENABLE_STRICT_OBJC_MSGSEND = YES;
				GCC_C_LANGUAGE_STANDARD = gnu11;
				GCC_NO_COMMON_BLOCKS = YES;
				GCC_WARN_64_TO_32_BIT_CONVERSION = YES;
				GCC_WARN_ABOUT_RETURN_TYPE = YES_ERROR;
				GCC_WARN_UNDECLARED_SELECTOR = YES;
				GCC_WARN_UNINITIALIZED_AUTOS = YES_AGGRESSIVE;
				GCC_WARN_UNUSED_FUNCTION = YES;
				GCC_WARN_UNUSED_VARIABLE = YES;
				IPHONEOS_DEPLOYMENT_TARGET = 14.4;
				MTL_ENABLE_DEBUG_INFO = NO;
				MTL_FAST_MATH = YES;
				SDKROOT = iphoneos;
				SWIFT_COMPILATION_MODE = wholemodule;
				SWIFT_OPTIMIZATION_LEVEL = "-O";
				VALIDATE_PRODUCT = YES;
			};
			name = Release;
		};
		41F5B32C26344E85006DB4C3 /* Debug */ = {
			isa = XCBuildConfiguration;
			buildSettings = {
				ASSETCATALOG_COMPILER_APPICON_NAME = AppIcon;
				ASSETCATALOG_COMPILER_GLOBAL_ACCENT_COLOR_NAME = AccentColor;
				CODE_SIGN_STYLE = Automatic;
				INFOPLIST_FILE = SocketNetworking/Info.plist;
				LD_RUNPATH_SEARCH_PATHS = (
					"$(inherited)",
					"@executable_path/Frameworks",
				);
				PRODUCT_BUNDLE_IDENTIFIER = zdodev.SocketNetworking;
				PRODUCT_NAME = "$(TARGET_NAME)";
				SWIFT_VERSION = 5.0;
				TARGETED_DEVICE_FAMILY = "1,2";
			};
			name = Debug;
		};
		41F5B32D26344E85006DB4C3 /* Release */ = {
			isa = XCBuildConfiguration;
			buildSettings = {
				ASSETCATALOG_COMPILER_APPICON_NAME = AppIcon;
				ASSETCATALOG_COMPILER_GLOBAL_ACCENT_COLOR_NAME = AccentColor;
				CODE_SIGN_STYLE = Automatic;
				INFOPLIST_FILE = SocketNetworking/Info.plist;
				LD_RUNPATH_SEARCH_PATHS = (
					"$(inherited)",
					"@executable_path/Frameworks",
				);
				PRODUCT_BUNDLE_IDENTIFIER = zdodev.SocketNetworking;
				PRODUCT_NAME = "$(TARGET_NAME)";
				SWIFT_VERSION = 5.0;
				TARGETED_DEVICE_FAMILY = "1,2";
			};
			name = Release;
		};
/* End XCBuildConfiguration section */

/* Begin XCConfigurationList section */
		41F5B31226344E84006DB4C3 /* Build configuration list for PBXProject "SocketNetworking" */ = {
			isa = XCConfigurationList;
			buildConfigurations = (
				41F5B32926344E85006DB4C3 /* Debug */,
				41F5B32A26344E85006DB4C3 /* Release */,
			);
			defaultConfigurationIsVisible = 0;
			defaultConfigurationName = Release;
		};
		41F5B32B26344E85006DB4C3 /* Build configuration list for PBXNativeTarget "SocketNetworking" */ = {
			isa = XCConfigurationList;
			buildConfigurations = (
				41F5B32C26344E85006DB4C3 /* Debug */,
				41F5B32D26344E85006DB4C3 /* Release */,
			);
			defaultConfigurationIsVisible = 0;
			defaultConfigurationName = Release;
		};
/* End XCConfigurationList section */
	};
	rootObject = 41F5B30F26344E84006DB4C3 /* Project object */;
}
