// !$*UTF8*$!
{
	archiveVersion = 1;
	classes = {
	};
	objectVersion = 56;
	objects = {

/* Begin PBXBuildFile section */
		4109821E2A5B04190037297B /* HTTPRequestType.swift in Sources */ = {isa = PBXBuildFile; fileRef = 4109821D2A5B04190037297B /* HTTPRequestType.swift */; };
		410982202A5B04780037297B /* HTTPMethod.swift in Sources */ = {isa = PBXBuildFile; fileRef = 4109821F2A5B04780037297B /* HTTPMethod.swift */; };
		410982222A5B04F20037297B /* URLRequest+Extension.swift in Sources */ = {isa = PBXBuildFile; fileRef = 410982212A5B04F20037297B /* URLRequest+Extension.swift */; };
		410982242A5B065F0037297B /* HTTPHeader.swift in Sources */ = {isa = PBXBuildFile; fileRef = 410982232A5B065F0037297B /* HTTPHeader.swift */; };
		410982262A5B080E0037297B /* HTTPHeaders.swift in Sources */ = {isa = PBXBuildFile; fileRef = 410982252A5B080E0037297B /* HTTPHeaders.swift */; };
		410982282A5B0C470037297B /* WebRepositoryProtocol.swift in Sources */ = {isa = PBXBuildFile; fileRef = 410982272A5B0C470037297B /* WebRepositoryProtocol.swift */; };
		4109822A2A5B0EA50037297B /* PlaceholderRepository.swift in Sources */ = {isa = PBXBuildFile; fileRef = 410982292A5B0EA50037297B /* PlaceholderRepository.swift */; };
		4109822C2A5B10CB0037297B /* WebRepository.swift in Sources */ = {isa = PBXBuildFile; fileRef = 4109822B2A5B10CB0037297B /* WebRepository.swift */; };
		412041452A547692006BC634 /* AppDelegate.swift in Sources */ = {isa = PBXBuildFile; fileRef = 412041442A547692006BC634 /* AppDelegate.swift */; };
		412041472A547692006BC634 /* SceneDelegate.swift in Sources */ = {isa = PBXBuildFile; fileRef = 412041462A547692006BC634 /* SceneDelegate.swift */; };
		412041492A547692006BC634 /* ViewController.swift in Sources */ = {isa = PBXBuildFile; fileRef = 412041482A547692006BC634 /* ViewController.swift */; };
		4120414E2A547693006BC634 /* Assets.xcassets in Resources */ = {isa = PBXBuildFile; fileRef = 4120414D2A547693006BC634 /* Assets.xcassets */; };
		412041512A547693006BC634 /* LaunchScreen.storyboard in Resources */ = {isa = PBXBuildFile; fileRef = 4120414F2A547693006BC634 /* LaunchScreen.storyboard */; };
		4120415C2A547693006BC634 /* NetworkTutorialTests.swift in Sources */ = {isa = PBXBuildFile; fileRef = 4120415B2A547693006BC634 /* NetworkTutorialTests.swift */; };
		412041772A547B8E006BC634 /* Optional+Extension.swift in Sources */ = {isa = PBXBuildFile; fileRef = 412041762A547B8E006BC634 /* Optional+Extension.swift */; };
/* End PBXBuildFile section */

/* Begin PBXContainerItemProxy section */
		412041582A547693006BC634 /* PBXContainerItemProxy */ = {
			isa = PBXContainerItemProxy;
			containerPortal = 412041392A547692006BC634 /* Project object */;
			proxyType = 1;
			remoteGlobalIDString = 412041402A547692006BC634;
			remoteInfo = NetworkTutorial;
		};
/* End PBXContainerItemProxy section */

/* Begin PBXFileReference section */
		4109821D2A5B04190037297B /* HTTPRequestType.swift */ = {isa = PBXFileReference; lastKnownFileType = sourcecode.swift; path = HTTPRequestType.swift; sourceTree = "<group>"; };
		4109821F2A5B04780037297B /* HTTPMethod.swift */ = {isa = PBXFileReference; lastKnownFileType = sourcecode.swift; path = HTTPMethod.swift; sourceTree = "<group>"; };
		410982212A5B04F20037297B /* URLRequest+Extension.swift */ = {isa = PBXFileReference; lastKnownFileType = sourcecode.swift; path = "URLRequest+Extension.swift"; sourceTree = "<group>"; };
		410982232A5B065F0037297B /* HTTPHeader.swift */ = {isa = PBXFileReference; lastKnownFileType = sourcecode.swift; path = HTTPHeader.swift; sourceTree = "<group>"; };
		410982252A5B080E0037297B /* HTTPHeaders.swift */ = {isa = PBXFileReference; lastKnownFileType = sourcecode.swift; path = HTTPHeaders.swift; sourceTree = "<group>"; };
		410982272A5B0C470037297B /* WebRepositoryProtocol.swift */ = {isa = PBXFileReference; lastKnownFileType = sourcecode.swift; path = WebRepositoryProtocol.swift; sourceTree = "<group>"; };
		410982292A5B0EA50037297B /* PlaceholderRepository.swift */ = {isa = PBXFileReference; lastKnownFileType = sourcecode.swift; path = PlaceholderRepository.swift; sourceTree = "<group>"; };
		4109822B2A5B10CB0037297B /* WebRepository.swift */ = {isa = PBXFileReference; lastKnownFileType = sourcecode.swift; path = WebRepository.swift; sourceTree = "<group>"; };
		412041412A547692006BC634 /* NetworkTutorial.app */ = {isa = PBXFileReference; explicitFileType = wrapper.application; includeInIndex = 0; path = NetworkTutorial.app; sourceTree = BUILT_PRODUCTS_DIR; };
		412041442A547692006BC634 /* AppDelegate.swift */ = {isa = PBXFileReference; lastKnownFileType = sourcecode.swift; path = AppDelegate.swift; sourceTree = "<group>"; };
		412041462A547692006BC634 /* SceneDelegate.swift */ = {isa = PBXFileReference; lastKnownFileType = sourcecode.swift; path = SceneDelegate.swift; sourceTree = "<group>"; };
		412041482A547692006BC634 /* ViewController.swift */ = {isa = PBXFileReference; lastKnownFileType = sourcecode.swift; path = ViewController.swift; sourceTree = "<group>"; };
		4120414D2A547693006BC634 /* Assets.xcassets */ = {isa = PBXFileReference; lastKnownFileType = folder.assetcatalog; path = Assets.xcassets; sourceTree = "<group>"; };
		412041502A547693006BC634 /* Base */ = {isa = PBXFileReference; lastKnownFileType = file.storyboard; name = Base; path = Base.lproj/LaunchScreen.storyboard; sourceTree = "<group>"; };
		412041522A547693006BC634 /* Info.plist */ = {isa = PBXFileReference; lastKnownFileType = text.plist.xml; path = Info.plist; sourceTree = "<group>"; };
		412041572A547693006BC634 /* NetworkTutorialTests.xctest */ = {isa = PBXFileReference; explicitFileType = wrapper.cfbundle; includeInIndex = 0; path = NetworkTutorialTests.xctest; sourceTree = BUILT_PRODUCTS_DIR; };
		4120415B2A547693006BC634 /* NetworkTutorialTests.swift */ = {isa = PBXFileReference; lastKnownFileType = sourcecode.swift; path = NetworkTutorialTests.swift; sourceTree = "<group>"; };
		412041762A547B8E006BC634 /* Optional+Extension.swift */ = {isa = PBXFileReference; lastKnownFileType = sourcecode.swift; path = "Optional+Extension.swift"; sourceTree = "<group>"; };
/* End PBXFileReference section */

/* Begin PBXFrameworksBuildPhase section */
		4120413E2A547692006BC634 /* Frameworks */ = {
			isa = PBXFrameworksBuildPhase;
			buildActionMask = 2147483647;
			files = (
			);
			runOnlyForDeploymentPostprocessing = 0;
		};
		412041542A547693006BC634 /* Frameworks */ = {
			isa = PBXFrameworksBuildPhase;
			buildActionMask = 2147483647;
			files = (
			);
			runOnlyForDeploymentPostprocessing = 0;
		};
/* End PBXFrameworksBuildPhase section */

/* Begin PBXGroup section */
		4109821B2A5AFF970037297B /* Repository */ = {
			isa = PBXGroup;
			children = (
				4109821C2A5B040E0037297B /* Base */,
				410982292A5B0EA50037297B /* PlaceholderRepository.swift */,
			);
			path = Repository;
			sourceTree = "<group>";
		};
		4109821C2A5B040E0037297B /* Base */ = {
			isa = PBXGroup;
			children = (
				4109821D2A5B04190037297B /* HTTPRequestType.swift */,
				4109821F2A5B04780037297B /* HTTPMethod.swift */,
				410982252A5B080E0037297B /* HTTPHeaders.swift */,
				410982232A5B065F0037297B /* HTTPHeader.swift */,
				410982212A5B04F20037297B /* URLRequest+Extension.swift */,
				410982272A5B0C470037297B /* WebRepositoryProtocol.swift */,
				4109822B2A5B10CB0037297B /* WebRepository.swift */,
			);
			path = Base;
			sourceTree = "<group>";
		};
		412041382A547692006BC634 = {
			isa = PBXGroup;
			children = (
				412041432A547692006BC634 /* NetworkTutorial */,
				4120415A2A547693006BC634 /* NetworkTutorialTests */,
				412041422A547692006BC634 /* Products */,
			);
			sourceTree = "<group>";
		};
		412041422A547692006BC634 /* Products */ = {
			isa = PBXGroup;
			children = (
				412041412A547692006BC634 /* NetworkTutorial.app */,
				412041572A547693006BC634 /* NetworkTutorialTests.xctest */,
			);
			name = Products;
			sourceTree = "<group>";
		};
		412041432A547692006BC634 /* NetworkTutorial */ = {
			isa = PBXGroup;
			children = (
				412041442A547692006BC634 /* AppDelegate.swift */,
				412041462A547692006BC634 /* SceneDelegate.swift */,
				412041482A547692006BC634 /* ViewController.swift */,
				4109821B2A5AFF970037297B /* Repository */,
				412041762A547B8E006BC634 /* Optional+Extension.swift */,
				4120414D2A547693006BC634 /* Assets.xcassets */,
				4120414F2A547693006BC634 /* LaunchScreen.storyboard */,
				412041522A547693006BC634 /* Info.plist */,
			);
			path = NetworkTutorial;
			sourceTree = "<group>";
		};
		4120415A2A547693006BC634 /* NetworkTutorialTests */ = {
			isa = PBXGroup;
			children = (
				4120415B2A547693006BC634 /* NetworkTutorialTests.swift */,
			);
			path = NetworkTutorialTests;
			sourceTree = "<group>";
		};
/* End PBXGroup section */

/* Begin PBXNativeTarget section */
		412041402A547692006BC634 /* NetworkTutorial */ = {
			isa = PBXNativeTarget;
			buildConfigurationList = 4120416B2A547693006BC634 /* Build configuration list for PBXNativeTarget "NetworkTutorial" */;
			buildPhases = (
				4120413D2A547692006BC634 /* Sources */,
				4120413E2A547692006BC634 /* Frameworks */,
				4120413F2A547692006BC634 /* Resources */,
			);
			buildRules = (
			);
			dependencies = (
			);
			name = NetworkTutorial;
			productName = NetworkTutorial;
			productReference = 412041412A547692006BC634 /* NetworkTutorial.app */;
			productType = "com.apple.product-type.application";
		};
		412041562A547693006BC634 /* NetworkTutorialTests */ = {
			isa = PBXNativeTarget;
			buildConfigurationList = 4120416E2A547693006BC634 /* Build configuration list for PBXNativeTarget "NetworkTutorialTests" */;
			buildPhases = (
				412041532A547693006BC634 /* Sources */,
				412041542A547693006BC634 /* Frameworks */,
				412041552A547693006BC634 /* Resources */,
			);
			buildRules = (
			);
			dependencies = (
				412041592A547693006BC634 /* PBXTargetDependency */,
			);
			name = NetworkTutorialTests;
			productName = NetworkTutorialTests;
			productReference = 412041572A547693006BC634 /* NetworkTutorialTests.xctest */;
			productType = "com.apple.product-type.bundle.unit-test";
		};
/* End PBXNativeTarget section */

/* Begin PBXProject section */
		412041392A547692006BC634 /* Project object */ = {
			isa = PBXProject;
			attributes = {
				BuildIndependentTargetsInParallel = 1;
				LastSwiftUpdateCheck = 1430;
				LastUpgradeCheck = 1430;
				TargetAttributes = {
					412041402A547692006BC634 = {
						CreatedOnToolsVersion = 14.3.1;
					};
					412041562A547693006BC634 = {
						CreatedOnToolsVersion = 14.3.1;
						TestTargetID = 412041402A547692006BC634;
					};
				};
			};
			buildConfigurationList = 4120413C2A547692006BC634 /* Build configuration list for PBXProject "NetworkTutorial" */;
			compatibilityVersion = "Xcode 14.0";
			developmentRegion = en;
			hasScannedForEncodings = 0;
			knownRegions = (
				en,
				Base,
			);
			mainGroup = 412041382A547692006BC634;
			productRefGroup = 412041422A547692006BC634 /* Products */;
			projectDirPath = "";
			projectRoot = "";
			targets = (
				412041402A547692006BC634 /* NetworkTutorial */,
				412041562A547693006BC634 /* NetworkTutorialTests */,
			);
		};
/* End PBXProject section */

/* Begin PBXResourcesBuildPhase section */
		4120413F2A547692006BC634 /* Resources */ = {
			isa = PBXResourcesBuildPhase;
			buildActionMask = 2147483647;
			files = (
				412041512A547693006BC634 /* LaunchScreen.storyboard in Resources */,
				4120414E2A547693006BC634 /* Assets.xcassets in Resources */,
			);
			runOnlyForDeploymentPostprocessing = 0;
		};
		412041552A547693006BC634 /* Resources */ = {
			isa = PBXResourcesBuildPhase;
			buildActionMask = 2147483647;
			files = (
			);
			runOnlyForDeploymentPostprocessing = 0;
		};
/* End PBXResourcesBuildPhase section */

/* Begin PBXSourcesBuildPhase section */
		4120413D2A547692006BC634 /* Sources */ = {
			isa = PBXSourcesBuildPhase;
			buildActionMask = 2147483647;
			files = (
				410982242A5B065F0037297B /* HTTPHeader.swift in Sources */,
				412041492A547692006BC634 /* ViewController.swift in Sources */,
				410982262A5B080E0037297B /* HTTPHeaders.swift in Sources */,
				410982282A5B0C470037297B /* WebRepositoryProtocol.swift in Sources */,
				412041452A547692006BC634 /* AppDelegate.swift in Sources */,
				410982202A5B04780037297B /* HTTPMethod.swift in Sources */,
				412041772A547B8E006BC634 /* Optional+Extension.swift in Sources */,
				4109821E2A5B04190037297B /* HTTPRequestType.swift in Sources */,
				4109822C2A5B10CB0037297B /* WebRepository.swift in Sources */,
				410982222A5B04F20037297B /* URLRequest+Extension.swift in Sources */,
				4109822A2A5B0EA50037297B /* PlaceholderRepository.swift in Sources */,
				412041472A547692006BC634 /* SceneDelegate.swift in Sources */,
			);
			runOnlyForDeploymentPostprocessing = 0;
		};
		412041532A547693006BC634 /* Sources */ = {
			isa = PBXSourcesBuildPhase;
			buildActionMask = 2147483647;
			files = (
				4120415C2A547693006BC634 /* NetworkTutorialTests.swift in Sources */,
			);
			runOnlyForDeploymentPostprocessing = 0;
		};
/* End PBXSourcesBuildPhase section */

/* Begin PBXTargetDependency section */
		412041592A547693006BC634 /* PBXTargetDependency */ = {
			isa = PBXTargetDependency;
			target = 412041402A547692006BC634 /* NetworkTutorial */;
			targetProxy = 412041582A547693006BC634 /* PBXContainerItemProxy */;
		};
/* End PBXTargetDependency section */

/* Begin PBXVariantGroup section */
		4120414F2A547693006BC634 /* LaunchScreen.storyboard */ = {
			isa = PBXVariantGroup;
			children = (
				412041502A547693006BC634 /* Base */,
			);
			name = LaunchScreen.storyboard;
			sourceTree = "<group>";
		};
/* End PBXVariantGroup section */

/* Begin XCBuildConfiguration section */
		412041692A547693006BC634 /* Debug */ = {
			isa = XCBuildConfiguration;
			buildSettings = {
				ALWAYS_SEARCH_USER_PATHS = NO;
				CLANG_ANALYZER_NONNULL = YES;
				CLANG_ANALYZER_NUMBER_OBJECT_CONVERSION = YES_AGGRESSIVE;
				CLANG_CXX_LANGUAGE_STANDARD = "gnu++20";
				CLANG_ENABLE_MODULES = YES;
				CLANG_ENABLE_OBJC_ARC = YES;
				CLANG_ENABLE_OBJC_WEAK = YES;
				CLANG_WARN_BLOCK_CAPTURE_AUTORELEASING = YES;
				CLANG_WARN_BOOL_CONVERSION = YES;
				CLANG_WARN_COMMA = YES;
				CLANG_WARN_CONSTANT_CONVERSION = YES;
				CLANG_WARN_DEPRECATED_OBJC_IMPLEMENTATIONS = YES;
				CLANG_WARN_DIRECT_OBJC_ISA_USAGE = YES_ERROR;
				CLANG_WARN_DOCUMENTATION_COMMENTS = YES;
				CLANG_WARN_EMPTY_BODY = YES;
				CLANG_WARN_ENUM_CONVERSION = YES;
				CLANG_WARN_INFINITE_RECURSION = YES;
				CLANG_WARN_INT_CONVERSION = YES;
				CLANG_WARN_NON_LITERAL_NULL_CONVERSION = YES;
				CLANG_WARN_OBJC_IMPLICIT_RETAIN_SELF = YES;
				CLANG_WARN_OBJC_LITERAL_CONVERSION = YES;
				CLANG_WARN_OBJC_ROOT_CLASS = YES_ERROR;
				CLANG_WARN_QUOTED_INCLUDE_IN_FRAMEWORK_HEADER = YES;
				CLANG_WARN_RANGE_LOOP_ANALYSIS = YES;
				CLANG_WARN_STRICT_PROTOTYPES = YES;
				CLANG_WARN_SUSPICIOUS_MOVE = YES;
				CLANG_WARN_UNGUARDED_AVAILABILITY = YES_AGGRESSIVE;
				CLANG_WARN_UNREACHABLE_CODE = YES;
				CLANG_WARN__DUPLICATE_METHOD_MATCH = YES;
				COPY_PHASE_STRIP = NO;
				DEBUG_INFORMATION_FORMAT = dwarf;
				ENABLE_STRICT_OBJC_MSGSEND = YES;
				ENABLE_TESTABILITY = YES;
				GCC_C_LANGUAGE_STANDARD = gnu11;
				GCC_DYNAMIC_NO_PIC = NO;
				GCC_NO_COMMON_BLOCKS = YES;
				GCC_OPTIMIZATION_LEVEL = 0;
				GCC_PREPROCESSOR_DEFINITIONS = (
					"DEBUG=1",
					"$(inherited)",
				);
				GCC_WARN_64_TO_32_BIT_CONVERSION = YES;
				GCC_WARN_ABOUT_RETURN_TYPE = YES_ERROR;
				GCC_WARN_UNDECLARED_SELECTOR = YES;
				GCC_WARN_UNINITIALIZED_AUTOS = YES_AGGRESSIVE;
				GCC_WARN_UNUSED_FUNCTION = YES;
				GCC_WARN_UNUSED_VARIABLE = YES;
				IPHONEOS_DEPLOYMENT_TARGET = 16.4;
				MTL_ENABLE_DEBUG_INFO = INCLUDE_SOURCE;
				MTL_FAST_MATH = YES;
				ONLY_ACTIVE_ARCH = YES;
				SDKROOT = iphoneos;
				SWIFT_ACTIVE_COMPILATION_CONDITIONS = DEBUG;
				SWIFT_OPTIMIZATION_LEVEL = "-Onone";
			};
			name = Debug;
		};
		4120416A2A547693006BC634 /* Release */ = {
			isa = XCBuildConfiguration;
			buildSettings = {
				ALWAYS_SEARCH_USER_PATHS = NO;
				CLANG_ANALYZER_NONNULL = YES;
				CLANG_ANALYZER_NUMBER_OBJECT_CONVERSION = YES_AGGRESSIVE;
				CLANG_CXX_LANGUAGE_STANDARD = "gnu++20";
				CLANG_ENABLE_MODULES = YES;
				CLANG_ENABLE_OBJC_ARC = YES;
				CLANG_ENABLE_OBJC_WEAK = YES;
				CLANG_WARN_BLOCK_CAPTURE_AUTORELEASING = YES;
				CLANG_WARN_BOOL_CONVERSION = YES;
				CLANG_WARN_COMMA = YES;
				CLANG_WARN_CONSTANT_CONVERSION = YES;
				CLANG_WARN_DEPRECATED_OBJC_IMPLEMENTATIONS = YES;
				CLANG_WARN_DIRECT_OBJC_ISA_USAGE = YES_ERROR;
				CLANG_WARN_DOCUMENTATION_COMMENTS = YES;
				CLANG_WARN_EMPTY_BODY = YES;
				CLANG_WARN_ENUM_CONVERSION = YES;
				CLANG_WARN_INFINITE_RECURSION = YES;
				CLANG_WARN_INT_CONVERSION = YES;
				CLANG_WARN_NON_LITERAL_NULL_CONVERSION = YES;
				CLANG_WARN_OBJC_IMPLICIT_RETAIN_SELF = YES;
				CLANG_WARN_OBJC_LITERAL_CONVERSION = YES;
				CLANG_WARN_OBJC_ROOT_CLASS = YES_ERROR;
				CLANG_WARN_QUOTED_INCLUDE_IN_FRAMEWORK_HEADER = YES;
				CLANG_WARN_RANGE_LOOP_ANALYSIS = YES;
				CLANG_WARN_STRICT_PROTOTYPES = YES;
				CLANG_WARN_SUSPICIOUS_MOVE = YES;
				CLANG_WARN_UNGUARDED_AVAILABILITY = YES_AGGRESSIVE;
				CLANG_WARN_UNREACHABLE_CODE = YES;
				CLANG_WARN__DUPLICATE_METHOD_MATCH = YES;
				COPY_PHASE_STRIP = NO;
				DEBUG_INFORMATION_FORMAT = "dwarf-with-dsym";
				ENABLE_NS_ASSERTIONS = NO;
				ENABLE_STRICT_OBJC_MSGSEND = YES;
				GCC_C_LANGUAGE_STANDARD = gnu11;
				GCC_NO_COMMON_BLOCKS = YES;
				GCC_WARN_64_TO_32_BIT_CONVERSION = YES;
				GCC_WARN_ABOUT_RETURN_TYPE = YES_ERROR;
				GCC_WARN_UNDECLARED_SELECTOR = YES;
				GCC_WARN_UNINITIALIZED_AUTOS = YES_AGGRESSIVE;
				GCC_WARN_UNUSED_FUNCTION = YES;
				GCC_WARN_UNUSED_VARIABLE = YES;
				IPHONEOS_DEPLOYMENT_TARGET = 16.4;
				MTL_ENABLE_DEBUG_INFO = NO;
				MTL_FAST_MATH = YES;
				SDKROOT = iphoneos;
				SWIFT_COMPILATION_MODE = wholemodule;
				SWIFT_OPTIMIZATION_LEVEL = "-O";
				VALIDATE_PRODUCT = YES;
			};
			name = Release;
		};
		4120416C2A547693006BC634 /* Debug */ = {
			isa = XCBuildConfiguration;
			buildSettings = {
				ASSETCATALOG_COMPILER_APPICON_NAME = AppIcon;
				ASSETCATALOG_COMPILER_GLOBAL_ACCENT_COLOR_NAME = AccentColor;
				CODE_SIGN_STYLE = Automatic;
				CURRENT_PROJECT_VERSION = 1;
				GENERATE_INFOPLIST_FILE = YES;
				INFOPLIST_FILE = NetworkTutorial/Info.plist;
				INFOPLIST_KEY_UIApplicationSupportsIndirectInputEvents = YES;
				INFOPLIST_KEY_UILaunchStoryboardName = LaunchScreen;
				INFOPLIST_KEY_UISupportedInterfaceOrientations_iPad = "UIInterfaceOrientationPortrait UIInterfaceOrientationPortraitUpsideDown UIInterfaceOrientationLandscapeLeft UIInterfaceOrientationLandscapeRight";
				INFOPLIST_KEY_UISupportedInterfaceOrientations_iPhone = "UIInterfaceOrientationPortrait UIInterfaceOrientationLandscapeLeft UIInterfaceOrientationLandscapeRight";
				LD_RUNPATH_SEARCH_PATHS = (
					"$(inherited)",
					"@executable_path/Frameworks",
				);
				MARKETING_VERSION = 1.0;
				PRODUCT_BUNDLE_IDENTIFIER = zdo.NetworkTutorial;
				PRODUCT_NAME = "$(TARGET_NAME)";
				SWIFT_EMIT_LOC_STRINGS = YES;
				SWIFT_VERSION = 5.0;
				TARGETED_DEVICE_FAMILY = "1,2";
			};
			name = Debug;
		};
		4120416D2A547693006BC634 /* Release */ = {
			isa = XCBuildConfiguration;
			buildSettings = {
				ASSETCATALOG_COMPILER_APPICON_NAME = AppIcon;
				ASSETCATALOG_COMPILER_GLOBAL_ACCENT_COLOR_NAME = AccentColor;
				CODE_SIGN_STYLE = Automatic;
				CURRENT_PROJECT_VERSION = 1;
				GENERATE_INFOPLIST_FILE = YES;
				INFOPLIST_FILE = NetworkTutorial/Info.plist;
				INFOPLIST_KEY_UIApplicationSupportsIndirectInputEvents = YES;
				INFOPLIST_KEY_UILaunchStoryboardName = LaunchScreen;
				INFOPLIST_KEY_UISupportedInterfaceOrientations_iPad = "UIInterfaceOrientationPortrait UIInterfaceOrientationPortraitUpsideDown UIInterfaceOrientationLandscapeLeft UIInterfaceOrientationLandscapeRight";
				INFOPLIST_KEY_UISupportedInterfaceOrientations_iPhone = "UIInterfaceOrientationPortrait UIInterfaceOrientationLandscapeLeft UIInterfaceOrientationLandscapeRight";
				LD_RUNPATH_SEARCH_PATHS = (
					"$(inherited)",
					"@executable_path/Frameworks",
				);
				MARKETING_VERSION = 1.0;
				PRODUCT_BUNDLE_IDENTIFIER = zdo.NetworkTutorial;
				PRODUCT_NAME = "$(TARGET_NAME)";
				SWIFT_EMIT_LOC_STRINGS = YES;
				SWIFT_VERSION = 5.0;
				TARGETED_DEVICE_FAMILY = "1,2";
			};
			name = Release;
		};
		4120416F2A547693006BC634 /* Debug */ = {
			isa = XCBuildConfiguration;
			buildSettings = {
				ALWAYS_EMBED_SWIFT_STANDARD_LIBRARIES = YES;
				BUNDLE_LOADER = "$(TEST_HOST)";
				CODE_SIGN_STYLE = Automatic;
				CURRENT_PROJECT_VERSION = 1;
				GENERATE_INFOPLIST_FILE = YES;
				IPHONEOS_DEPLOYMENT_TARGET = 16.4;
				MARKETING_VERSION = 1.0;
				PRODUCT_BUNDLE_IDENTIFIER = zdo.NetworkTutorialTests;
				PRODUCT_NAME = "$(TARGET_NAME)";
				SWIFT_EMIT_LOC_STRINGS = NO;
				SWIFT_VERSION = 5.0;
				TARGETED_DEVICE_FAMILY = "1,2";
				TEST_HOST = "$(BUILT_PRODUCTS_DIR)/NetworkTutorial.app/$(BUNDLE_EXECUTABLE_FOLDER_PATH)/NetworkTutorial";
			};
			name = Debug;
		};
		412041702A547693006BC634 /* Release */ = {
			isa = XCBuildConfiguration;
			buildSettings = {
				ALWAYS_EMBED_SWIFT_STANDARD_LIBRARIES = YES;
				BUNDLE_LOADER = "$(TEST_HOST)";
				CODE_SIGN_STYLE = Automatic;
				CURRENT_PROJECT_VERSION = 1;
				GENERATE_INFOPLIST_FILE = YES;
				IPHONEOS_DEPLOYMENT_TARGET = 16.4;
				MARKETING_VERSION = 1.0;
				PRODUCT_BUNDLE_IDENTIFIER = zdo.NetworkTutorialTests;
				PRODUCT_NAME = "$(TARGET_NAME)";
				SWIFT_EMIT_LOC_STRINGS = NO;
				SWIFT_VERSION = 5.0;
				TARGETED_DEVICE_FAMILY = "1,2";
				TEST_HOST = "$(BUILT_PRODUCTS_DIR)/NetworkTutorial.app/$(BUNDLE_EXECUTABLE_FOLDER_PATH)/NetworkTutorial";
			};
			name = Release;
		};
/* End XCBuildConfiguration section */

/* Begin XCConfigurationList section */
		4120413C2A547692006BC634 /* Build configuration list for PBXProject "NetworkTutorial" */ = {
			isa = XCConfigurationList;
			buildConfigurations = (
				412041692A547693006BC634 /* Debug */,
				4120416A2A547693006BC634 /* Release */,
			);
			defaultConfigurationIsVisible = 0;
			defaultConfigurationName = Release;
		};
		4120416B2A547693006BC634 /* Build configuration list for PBXNativeTarget "NetworkTutorial" */ = {
			isa = XCConfigurationList;
			buildConfigurations = (
				4120416C2A547693006BC634 /* Debug */,
				4120416D2A547693006BC634 /* Release */,
			);
			defaultConfigurationIsVisible = 0;
			defaultConfigurationName = Release;
		};
		4120416E2A547693006BC634 /* Build configuration list for PBXNativeTarget "NetworkTutorialTests" */ = {
			isa = XCConfigurationList;
			buildConfigurations = (
				4120416F2A547693006BC634 /* Debug */,
				412041702A547693006BC634 /* Release */,
			);
			defaultConfigurationIsVisible = 0;
			defaultConfigurationName = Release;
		};
/* End XCConfigurationList section */
	};
	rootObject = 412041392A547692006BC634 /* Project object */;
}
